// !$*UTF8*$!
{
	archiveVersion = 1;
	classes = {
	};
	objectVersion = 56;
	objects = {

/* Begin PBXBuildFile section */
		0488416F8BC7541700D054C2 /* SyncEngine.swift in Sources */ = {isa = PBXBuildFile; fileRef = 1F024674A3B635B2CD67922F /* SyncEngine.swift */; };
		0776EE129749BE69AB4762A6 /* DietSync.swift in Sources */ = {isa = PBXBuildFile; fileRef = 1D4066644EA1AE2764C9B705 /* DietSync.swift */; };
		4EB1BF08C76EDAE3D186CEE7 /* MissingMealReminder.swift in Sources */ = {isa = PBXBuildFile; fileRef = A843FD7D5AC4990D5F7FAFC4 /* MissingMealReminder.swift */; };
		AF60C61EEA92DFC2726C0891 /* MealSlotAck.swift in Sources */ = {isa = PBXBuildFile; fileRef = 53E5638703365A4C4769A615 /* MealSlotAck.swift */; };
		5FAA51807E11DF405E5B2123 /* RemindersEngine.swift in Sources */ = {isa = PBXBuildFile; fileRef = FC00EB2F2C53AD709905F629 /* RemindersEngine.swift */; };
		C16F1AF0BD0CCA32C638EA57 /* NotificationGateway.swift in Sources */ = {isa = PBXBuildFile; fileRef = 266509705A17130B2BAFCE0F /* NotificationGateway.swift */; };
		D219ECDEDC5DC74D52F228B9 /* ReminderRule.swift in Sources */ = {isa = PBXBuildFile; fileRef = 0F97759DFE914F0D36880E26 /* ReminderRule.swift */; };
		E03AB2694E21E58880DD612E /* ReminderSettings.swift in Sources */ = {isa = PBXBuildFile; fileRef = 2577760ED7AA9008102D8081 /* ReminderSettings.swift */; };
		E45A2ACE92721141B434821C /* ReminderCategory.swift in Sources */ = {isa = PBXBuildFile; fileRef = EB28CDC7F4A14AB2FCDA46FE /* ReminderCategory.swift */; };
		0E33E098577A43BCBE657600 /* Recipe.swift in Sources */ = {isa = PBXBuildFile; fileRef = 621ABECCE5244E47B87B7258 /* Recipe.swift */; };
		0FC646509A6876E99A7AF7D4 /* SpaceGrotesk-Variable.ttf in Resources */ = {isa = PBXBuildFile; fileRef = 8FE746F3AB2181072C2880A5 /* SpaceGrotesk-Variable.ttf */; };
		1120432A8B1833C6A4890A38 /* GymMath.swift in Sources */ = {isa = PBXBuildFile; fileRef = 292C4093960D1B8A0B5EFE7A /* GymMath.swift */; };
		15024E34BBAF7529CDA926A1 /* Secrets.swift in Sources */ = {isa = PBXBuildFile; fileRef = 81184CE697A7F0353C1C751F /* Secrets.swift */; };
		1EB7419B9E262618D12A1F1B /* HealthKitOnboardingView.swift in Sources */ = {isa = PBXBuildFile; fileRef = 0B844B7AA5E906D97ABA6500 /* HealthKitOnboardingView.swift */; };
		2375415E863C85E094782F1E /* ApiClient.swift in Sources */ = {isa = PBXBuildFile; fileRef = 54B54FD4AD90693086FD751B /* ApiClient.swift */; };
		28C2A591477CD9202AD8BC7A /* AddFoodView.swift in Sources */ = {isa = PBXBuildFile; fileRef = 988633712155B9E1F8B5774C /* AddFoodView.swift */; };
		31894698A89B2FE53D6C5BC6 /* WatchConnector.swift in Sources */ = {isa = PBXBuildFile; fileRef = B388462C9F55B3B3BAF6B0B8 /* WatchConnector.swift */; };
		4200C8819C5C4B6808B3CF9A /* MealEntry.swift in Sources */ = {isa = PBXBuildFile; fileRef = C804BC481B36898CCF0C1F43 /* MealEntry.swift */; };
		557E443B99C3337A7D982344 /* OutboxEntry.swift in Sources */ = {isa = PBXBuildFile; fileRef = 4D5E4DB7A01F74D853118674 /* OutboxEntry.swift */; };
		560E925DB7AFCE127E0DEEA0 /* Food.swift in Sources */ = {isa = PBXBuildFile; fileRef = 2A10CD2EC5CE16D399461241 /* Food.swift */; };
		58B86DC9FF0D4D22BD04AF8C /* ShoppingListView.swift in Sources */ = {isa = PBXBuildFile; fileRef = 7DF9D775FB254281A107B41A /* ShoppingListView.swift */; };
		59CD4B6D8FC847F2886CAFFE /* DietReportView.swift in Sources */ = {isa = PBXBuildFile; fileRef = DD3AA36288814E159C189B3E /* DietReportView.swift */; };
		5BF34CE5858978E07B47D404 /* GymData.swift in Sources */ = {isa = PBXBuildFile; fileRef = EDAC45ECAC44E556696F8639 /* GymData.swift */; };
		032992018C03682844681BF2 /* GymSync.swift in Sources */ = {isa = PBXBuildFile; fileRef = 666E4DC757ABFAE3E3951C80 /* GymSync.swift */; };
		5D9446AEB37E9FD6C24722C0 /* BodyMeasurement.swift in Sources */ = {isa = PBXBuildFile; fileRef = 3D7F4AFA951073018127E688 /* BodyMeasurement.swift */; };
		5EDB87C294F3AC058F11B139 /* BarcodeScannerView.swift in Sources */ = {isa = PBXBuildFile; fileRef = EA4BF6C73A3B0507A755F831 /* BarcodeScannerView.swift */; };
		638441CFAC494580478D0FB4 /* HealthKitService.swift in Sources */ = {isa = PBXBuildFile; fileRef = C1F64BF4A3FAF12F5B078429 /* HealthKitService.swift */; };
		8A719361CAE74603871D85BD /* HealthKitPreference.swift in Sources */ = {isa = PBXBuildFile; fileRef = FF9CD8436827423AAA8B2C48 /* HealthKitPreference.swift */; };
		D86C93080D444547A8A352BE /* HealthKitStatus.swift in Sources */ = {isa = PBXBuildFile; fileRef = 4E305B64F3B1456487704976 /* HealthKitStatus.swift */; };
		90D8F0900DE547C8A2BC1376 /* FoodSearchPreference.swift in Sources */ = {isa = PBXBuildFile; fileRef = 9661D822880747C695783CEE /* FoodSearchPreference.swift */; };
		64533558C6934B2ABC8AE738 /* DBTargetPreference.swift in Sources */ = {isa = PBXBuildFile; fileRef = 8B7B16C7891A486E9BE73580 /* DBTargetPreference.swift */; };
		640E40F0EE26D99A472B94C1 /* NutritionGoalView.swift in Sources */ = {isa = PBXBuildFile; fileRef = 0684C6FFAFFCA1D98E54CC94 /* NutritionGoalView.swift */; };
		66F69909C8E97D894A348BF2 /* NutritionGoal.swift in Sources */ = {isa = PBXBuildFile; fileRef = 4C6952FB3A11858434A98160 /* NutritionGoal.swift */; };
		70B4A25C6A704FE19C6470C3 /* Trackers.swift in Sources */ = {isa = PBXBuildFile; fileRef = 56B5D6EE853345868DAEE75B /* Trackers.swift */; };
		7147FC77662D4822BF51EF1A /* TrackersView.swift in Sources */ = {isa = PBXBuildFile; fileRef = 84B03C6BFF944DF79D2DCDD0 /* TrackersView.swift */; };
		82091FD5FC934AD0B3A6A91A /* MealPlanView.swift in Sources */ = {isa = PBXBuildFile; fileRef = E75F149E62524030BE1EC58F /* MealPlanView.swift */; };
		D9460E1AFD4747CE8C212179 /* DietTemplateEditorView.swift in Sources */ = {isa = PBXBuildFile; fileRef = BBE1E2EC2EEE4987A59C8098 /* DietTemplateEditorView.swift */; };
		8258DD1E5B8F4CC49EF4B9FD /* PlannedMeal.swift in Sources */ = {isa = PBXBuildFile; fileRef = A53D9552D59546D2A10D4C9D /* PlannedMeal.swift */; };
		BB4C916FE92A48A2ACCD9189 /* DietTemplate.swift in Sources */ = {isa = PBXBuildFile; fileRef = FDBB74980B30439793CC5ECF /* DietTemplate.swift */; };
		93A147E2BB606120AEA9A3DE /* AddMeasurementView.swift in Sources */ = {isa = PBXBuildFile; fileRef = 636C4706B7AF7ACBB3ECCD1A /* AddMeasurementView.swift */; };
		9BEAE7626BC7495A9A35B088 /* DietReport.swift in Sources */ = {isa = PBXBuildFile; fileRef = B98F725248DB437980EF296A /* DietReport.swift */; };
		ACEF43729CB557894293499D /* Manrope-Variable.ttf in Resources */ = {isa = PBXBuildFile; fileRef = 8BD443ADA22BB0E9CDE3CF8F /* Manrope-Variable.ttf */; };
		B270E455CC29400EAC899F8C /* WatchWorkoutSession.swift in Sources */ = {isa = PBXBuildFile; fileRef = 61045447A4494D6B979D4A4A /* WatchWorkoutSession.swift */; };
		B45A7DCE5D974C478D17072A /* RecipeListView.swift in Sources */ = {isa = PBXBuildFile; fileRef = 33C8DA091BBA4934BAB889A8 /* RecipeListView.swift */; };
		B5FED695F6FC49D2860194A0 /* FoodBasketEditor.swift in Sources */ = {isa = PBXBuildFile; fileRef = A5E8A795858A4969B64D9739 /* FoodBasketEditor.swift */; };
		B76D4F869846ED0E1E572011 /* WatchSessionModel.swift in Sources */ = {isa = PBXBuildFile; fileRef = BB7A4439B908DA03F49A6456 /* WatchSessionModel.swift */; };
		BDD148989ABE69AC75B05921 /* GymMathTests.swift in Sources */ = {isa = PBXBuildFile; fileRef = DBE94A879CE3331BCD7BBD82 /* GymMathTests.swift */; };
		BE68E4A0F9C9C5E2D8BAA8CB /* DietTabView.swift in Sources */ = {isa = PBXBuildFile; fileRef = D24954145CE3772A2A0BA0C2 /* DietTabView.swift */; };
		C5B647558DFAE1B917B29152 /* SyncPolicy.swift in Sources */ = {isa = PBXBuildFile; fileRef = 129B4E32BA23FB5A5AD9E330 /* SyncPolicy.swift */; };
		D0D343E292B539DDEE52089E /* Outbox.swift in Sources */ = {isa = PBXBuildFile; fileRef = 20CF4E7CB31B6551914B2913 /* Outbox.swift */; };
		C36FBFDBFD592A6C2F32B738 /* DietSettingsView.swift in Sources */ = {isa = PBXBuildFile; fileRef = A106570CB2ADF5426A66B9CC /* DietSettingsView.swift */; };
		64D6CF1C227707444975D01C /* WaterReminder.swift in Sources */ = {isa = PBXBuildFile; fileRef = E17C0EB60C9143EF6B56CBEC /* WaterReminder.swift */; };
		70B626C207CEB1FC394EA2D0 /* GymHistoryView.swift in Sources */ = {isa = PBXBuildFile; fileRef = B49915B14B422866F51EFCF9 /* GymHistoryView.swift */; };
		70A34F9D46FF3D294D810F19 /* GymStats.swift in Sources */ = {isa = PBXBuildFile; fileRef = 4851C4D34959899D34E5C5E0 /* GymStats.swift */; };
		FD0A81CCC58E894A4EBE65EB /* DocumentPicker.swift in Sources */ = {isa = PBXBuildFile; fileRef = 9F53AA31CA6255E247083B38 /* DocumentPicker.swift */; };
		FE36D60A05825F2195764FCE /* ImportWorkoutsView.swift in Sources */ = {isa = PBXBuildFile; fileRef = EC3A4599E73E9E2C5C114944 /* ImportWorkoutsView.swift */; };
		9DD5C24C37521AF1A8566F22 /* WorkoutImport.swift in Sources */ = {isa = PBXBuildFile; fileRef = 00DCB5BF793B34FF2A75E46E /* WorkoutImport.swift */; };
		0AAEB75EC22E22D03A9AF789 /* LiftinCSV.swift in Sources */ = {isa = PBXBuildFile; fileRef = 991F5A9E39608B3F69313384 /* LiftinCSV.swift */; };
		D9594F6E835A7CA16D9517F6 /* WorkoutSession.swift in Sources */ = {isa = PBXBuildFile; fileRef = 9B9644AB95261BCE92D1D894 /* WorkoutSession.swift */; };
		D964487DA44DB7987EE982F8 /* SyncPolicyTests.swift in Sources */ = {isa = PBXBuildFile; fileRef = 519F45C98B2D084737AE170F /* SyncPolicyTests.swift */; };
		7871C749ACD55F88A480A317 /* WaterReminderTests.swift in Sources */ = {isa = PBXBuildFile; fileRef = 261243F3F5F4F724E72E3D32 /* WaterReminderTests.swift */; };
		A70195BCFA8339B7777521E6 /* NutritionMathTests.swift in Sources */ = {isa = PBXBuildFile; fileRef = E7338A1F6DED695D38365961 /* NutritionMathTests.swift */; };
		57C57903C9DFD1010AFC68A9 /* GymStatsTests.swift in Sources */ = {isa = PBXBuildFile; fileRef = 797EC17C767A49C02F159C69 /* GymStatsTests.swift */; };
		50E85F67D93E3D862D7685DC /* WorkoutImportTests.swift in Sources */ = {isa = PBXBuildFile; fileRef = F1DD477349F5319FD1C454B8 /* WorkoutImportTests.swift */; };
		B8D353A76593B93C86716E40 /* LiftinCSVTests.swift in Sources */ = {isa = PBXBuildFile; fileRef = BD90E9BF3ECAC1ABDF1B6A1F /* LiftinCSVTests.swift */; };
		A19EF7577BA0F15F719422CB /* MissingMealReminderTests.swift in Sources */ = {isa = PBXBuildFile; fileRef = 6F53084FA417A956060E0111 /* MissingMealReminderTests.swift */; };
		EAA34873A0DAD527D7CC5120 /* SetLogEntry.swift in Sources */ = {isa = PBXBuildFile; fileRef = 67C048CA9A5CB9A7E3AA639D /* SetLogEntry.swift */; };
		ED3C954E304CE45600E8464E /* _r0_pkm_wApp.swift in Sources */ = {isa = PBXBuildFile; fileRef = ED3C954D304CE45600E8464E /* _r0_pkm_wApp.swift */; };
		ED3C9550304CE45600E8464E /* ContentView.swift in Sources */ = {isa = PBXBuildFile; fileRef = ED3C954F304CE45600E8464E /* ContentView.swift */; };
		ED3C9552304CE45800E8464E /* Assets.xcassets in Resources */ = {isa = PBXBuildFile; fileRef = ED3C9551304CE45800E8464E /* Assets.xcassets */; };
		ED3C9555304CE45800E8464E /* Preview Assets.xcassets in Resources */ = {isa = PBXBuildFile; fileRef = ED3C9554304CE45800E8464E /* Preview Assets.xcassets */; };
		ED3C955F304CE45800E8464E /* _r0_pkm_w_Watch_AppTests.swift in Sources */ = {isa = PBXBuildFile; fileRef = ED3C955E304CE45800E8464E /* _r0_pkm_w_Watch_AppTests.swift */; };
		ED3C9569304CE45800E8464E /* _r0_pkm_w_Watch_AppUITests.swift in Sources */ = {isa = PBXBuildFile; fileRef = ED3C9568304CE45800E8464E /* _r0_pkm_w_Watch_AppUITests.swift */; };
		ED3C956B304CE45800E8464E /* _r0_pkm_w_Watch_AppUITestsLaunchTests.swift in Sources */ = {isa = PBXBuildFile; fileRef = ED3C956A304CE45800E8464E /* _r0_pkm_w_Watch_AppUITestsLaunchTests.swift */; };
		ED3C956E304CE45800E8464E /* 1r0-pkm-w Watch App.app in Embed Watch Content */ = {isa = PBXBuildFile; fileRef = ED3C954B304CE45600E8464E /* 1r0-pkm-w Watch App.app */; settings = {ATTRIBUTES = (RemoveHeadersOnCopy, ); }; };
		ED3F625E304CD5CF000F4A2D /* _r0_pkmApp.swift in Sources */ = {isa = PBXBuildFile; fileRef = ED3F625D304CD5CF000F4A2D /* _r0_pkmApp.swift */; };
		ED3F6260304CD5CF000F4A2D /* ContentView.swift in Sources */ = {isa = PBXBuildFile; fileRef = ED3F625F304CD5CF000F4A2D /* ContentView.swift */; };
		ED3F6262304CD5D0000F4A2D /* Assets.xcassets in Resources */ = {isa = PBXBuildFile; fileRef = ED3F6261304CD5D0000F4A2D /* Assets.xcassets */; };
		ED3F6266304CD5D0000F4A2D /* Preview Assets.xcassets in Resources */ = {isa = PBXBuildFile; fileRef = ED3F6265304CD5D0000F4A2D /* Preview Assets.xcassets */; };
		ED3F6270304CD5D1000F4A2D /* _r0_pkmTests.swift in Sources */ = {isa = PBXBuildFile; fileRef = ED3F626F304CD5D1000F4A2D /* _r0_pkmTests.swift */; };
		ED3F627A304CD5D1000F4A2D /* _r0_pkmUITests.swift in Sources */ = {isa = PBXBuildFile; fileRef = ED3F6279304CD5D1000F4A2D /* _r0_pkmUITests.swift */; };
		ED3F627C304CD5D1000F4A2D /* _r0_pkmUITestsLaunchTests.swift in Sources */ = {isa = PBXBuildFile; fileRef = ED3F627B304CD5D1000F4A2D /* _r0_pkmUITestsLaunchTests.swift */; };
		F1FF410589193B1B81398A4C /* PhoneConnector.swift in Sources */ = {isa = PBXBuildFile; fileRef = 33394EDB88C37094051E27DE /* PhoneConnector.swift */; };
		F24041909FCA48054D07867F /* WatchRootView.swift in Sources */ = {isa = PBXBuildFile; fileRef = 24654844A0874A09F64936EB /* WatchRootView.swift */; };
		F72F40659B74D4F1188F6690 /* GlassTheme.swift in Sources */ = {isa = PBXBuildFile; fileRef = FC344F7FA1A1CFFADE238D5A /* GlassTheme.swift */; };
		F8658B7DC3B34CFA89CFC1C1 /* ShoppingListItem.swift in Sources */ = {isa = PBXBuildFile; fileRef = 05106DA08A2943199C91C9DA /* ShoppingListItem.swift */; };
		FC89C3BE1C1E4342A8001AA8 /* LogFoodView.swift in Sources */ = {isa = PBXBuildFile; fileRef = 06E1AFBD413F9A3E581B3E95 /* LogFoodView.swift */; };
/* End PBXBuildFile section */

/* Begin PBXContainerItemProxy section */
		ED3C955B304CE45800E8464E /* PBXContainerItemProxy */ = {
			isa = PBXContainerItemProxy;
			containerPortal = ED3F6252304CD5CE000F4A2D /* Project object */;
			proxyType = 1;
			remoteGlobalIDString = ED3C954A304CE45600E8464E;
			remoteInfo = "1r0-pkm-w Watch App";
		};
		ED3C9565304CE45800E8464E /* PBXContainerItemProxy */ = {
			isa = PBXContainerItemProxy;
			containerPortal = ED3F6252304CD5CE000F4A2D /* Project object */;
			proxyType = 1;
			remoteGlobalIDString = ED3C954A304CE45600E8464E;
			remoteInfo = "1r0-pkm-w Watch App";
		};
		ED3C956C304CE45800E8464E /* PBXContainerItemProxy */ = {
			isa = PBXContainerItemProxy;
			containerPortal = ED3F6252304CD5CE000F4A2D /* Project object */;
			proxyType = 1;
			remoteGlobalIDString = ED3C954A304CE45600E8464E;
			remoteInfo = "1r0-pkm-w Watch App";
		};
		ED3F626C304CD5D1000F4A2D /* PBXContainerItemProxy */ = {
			isa = PBXContainerItemProxy;
			containerPortal = ED3F6252304CD5CE000F4A2D /* Project object */;
			proxyType = 1;
			remoteGlobalIDString = ED3F6259304CD5CE000F4A2D;
			remoteInfo = "1r0-pkm";
		};
		ED3F6276304CD5D1000F4A2D /* PBXContainerItemProxy */ = {
			isa = PBXContainerItemProxy;
			containerPortal = ED3F6252304CD5CE000F4A2D /* Project object */;
			proxyType = 1;
			remoteGlobalIDString = ED3F6259304CD5CE000F4A2D;
			remoteInfo = "1r0-pkm";
		};
/* End PBXContainerItemProxy section */

/* Begin PBXCopyFilesBuildPhase section */
		ED3C9572304CE45800E8464E /* Embed Watch Content */ = {
			isa = PBXCopyFilesBuildPhase;
			buildActionMask = 2147483647;
			dstPath = "$(CONTENTS_FOLDER_PATH)/Watch";
			dstSubfolderSpec = 16;
			files = (
				ED3C956E304CE45800E8464E /* 1r0-pkm-w Watch App.app in Embed Watch Content */,
			);
			name = "Embed Watch Content";
			runOnlyForDeploymentPostprocessing = 0;
		};
/* End PBXCopyFilesBuildPhase section */

/* Begin PBXFileReference section */
		05106DA08A2943199C91C9DA /* ShoppingListItem.swift */ = {isa = PBXFileReference; lastKnownFileType = sourcecode.swift; name = ShoppingListItem.swift; path = "1r0-pkm/Modules/1r0-diet/Models/ShoppingListItem.swift"; sourceTree = SOURCE_ROOT; };
		0684C6FFAFFCA1D98E54CC94 /* NutritionGoalView.swift */ = {isa = PBXFileReference; lastKnownFileType = sourcecode.swift; name = NutritionGoalView.swift; path = "1r0-pkm/Modules/1r0-diet/Views/NutritionGoalView.swift"; sourceTree = SOURCE_ROOT; };
		06E1AFBD413F9A3E581B3E95 /* LogFoodView.swift */ = {isa = PBXFileReference; lastKnownFileType = sourcecode.swift; name = LogFoodView.swift; path = "1r0-pkm/Modules/1r0-diet/Views/LogFoodView.swift"; sourceTree = SOURCE_ROOT; };
		0B844B7AA5E906D97ABA6500 /* HealthKitOnboardingView.swift */ = {isa = PBXFileReference; lastKnownFileType = sourcecode.swift; name = HealthKitOnboardingView.swift; path = "1r0-pkm/Modules/Shared/HealthKit/HealthKitOnboardingView.swift"; sourceTree = SOURCE_ROOT; };
		129B4E32BA23FB5A5AD9E330 /* SyncPolicy.swift */ = {isa = PBXFileReference; lastKnownFileType = sourcecode.swift; name = SyncPolicy.swift; path = "1r0-pkm/Modules/Shared/Sync/SyncPolicy.swift"; sourceTree = SOURCE_ROOT; };
		1D4066644EA1AE2764C9B705 /* DietSync.swift */ = {isa = PBXFileReference; lastKnownFileType = sourcecode.swift; name = DietSync.swift; path = "1r0-pkm/Modules/1r0-diet/Sync/DietSync.swift"; sourceTree = SOURCE_ROOT; };
		A843FD7D5AC4990D5F7FAFC4 /* MissingMealReminder.swift */ = {isa = PBXFileReference; lastKnownFileType = sourcecode.swift; name = MissingMealReminder.swift; path = "1r0-pkm/Modules/1r0-diet/Reminders/MissingMealReminder.swift"; sourceTree = SOURCE_ROOT; };
		53E5638703365A4C4769A615 /* MealSlotAck.swift */ = {isa = PBXFileReference; lastKnownFileType = sourcecode.swift; name = MealSlotAck.swift; path = "1r0-pkm/Modules/1r0-diet/Reminders/MealSlotAck.swift"; sourceTree = SOURCE_ROOT; };
		FC00EB2F2C53AD709905F629 /* RemindersEngine.swift */ = {isa = PBXFileReference; lastKnownFileType = sourcecode.swift; name = RemindersEngine.swift; path = "1r0-pkm/Modules/Shared/Reminders/RemindersEngine.swift"; sourceTree = SOURCE_ROOT; };
		266509705A17130B2BAFCE0F /* NotificationGateway.swift */ = {isa = PBXFileReference; lastKnownFileType = sourcecode.swift; name = NotificationGateway.swift; path = "1r0-pkm/Modules/Shared/Reminders/NotificationGateway.swift"; sourceTree = SOURCE_ROOT; };
		0F97759DFE914F0D36880E26 /* ReminderRule.swift */ = {isa = PBXFileReference; lastKnownFileType = sourcecode.swift; name = ReminderRule.swift; path = "1r0-pkm/Modules/Shared/Reminders/ReminderRule.swift"; sourceTree = SOURCE_ROOT; };
		2577760ED7AA9008102D8081 /* ReminderSettings.swift */ = {isa = PBXFileReference; lastKnownFileType = sourcecode.swift; name = ReminderSettings.swift; path = "1r0-pkm/Modules/Shared/Reminders/ReminderSettings.swift"; sourceTree = SOURCE_ROOT; };
		EB28CDC7F4A14AB2FCDA46FE /* ReminderCategory.swift */ = {isa = PBXFileReference; lastKnownFileType = sourcecode.swift; name = ReminderCategory.swift; path = "1r0-pkm/Modules/Shared/Reminders/ReminderCategory.swift"; sourceTree = SOURCE_ROOT; };
		1F024674A3B635B2CD67922F /* SyncEngine.swift */ = {isa = PBXFileReference; lastKnownFileType = sourcecode.swift; name = SyncEngine.swift; path = "1r0-pkm/Modules/Shared/Sync/SyncEngine.swift"; sourceTree = SOURCE_ROOT; };
		20CF4E7CB31B6551914B2913 /* Outbox.swift */ = {isa = PBXFileReference; lastKnownFileType = sourcecode.swift; name = Outbox.swift; path = "1r0-pkm/Modules/Shared/Sync/Outbox.swift"; sourceTree = SOURCE_ROOT; };
		A106570CB2ADF5426A66B9CC /* DietSettingsView.swift */ = {isa = PBXFileReference; lastKnownFileType = sourcecode.swift; name = DietSettingsView.swift; path = "1r0-pkm/Modules/1r0-diet/Views/DietSettingsView.swift"; sourceTree = SOURCE_ROOT; };
		E17C0EB60C9143EF6B56CBEC /* WaterReminder.swift */ = {isa = PBXFileReference; lastKnownFileType = sourcecode.swift; name = WaterReminder.swift; path = "1r0-pkm/Modules/1r0-diet/Reminders/WaterReminder.swift"; sourceTree = SOURCE_ROOT; };
		B49915B14B422866F51EFCF9 /* GymHistoryView.swift */ = {isa = PBXFileReference; lastKnownFileType = sourcecode.swift; name = GymHistoryView.swift; path = "1r0-pkm/Modules/1r0-gym/Views/GymHistoryView.swift"; sourceTree = SOURCE_ROOT; };
		4851C4D34959899D34E5C5E0 /* GymStats.swift */ = {isa = PBXFileReference; lastKnownFileType = sourcecode.swift; name = GymStats.swift; path = "1r0-pkm/Modules/1r0-gym/GymStats.swift"; sourceTree = SOURCE_ROOT; };
		9F53AA31CA6255E247083B38 /* DocumentPicker.swift */ = {isa = PBXFileReference; lastKnownFileType = sourcecode.swift; name = DocumentPicker.swift; path = "1r0-pkm/Modules/Shared/UI/DocumentPicker.swift"; sourceTree = SOURCE_ROOT; };
		EC3A4599E73E9E2C5C114944 /* ImportWorkoutsView.swift */ = {isa = PBXFileReference; lastKnownFileType = sourcecode.swift; name = ImportWorkoutsView.swift; path = "1r0-pkm/Modules/1r0-gym/Views/ImportWorkoutsView.swift"; sourceTree = SOURCE_ROOT; };
		00DCB5BF793B34FF2A75E46E /* WorkoutImport.swift */ = {isa = PBXFileReference; lastKnownFileType = sourcecode.swift; name = WorkoutImport.swift; path = "1r0-pkm/Modules/1r0-gym/Import/WorkoutImport.swift"; sourceTree = SOURCE_ROOT; };
		991F5A9E39608B3F69313384 /* LiftinCSV.swift */ = {isa = PBXFileReference; lastKnownFileType = sourcecode.swift; name = LiftinCSV.swift; path = "1r0-pkm/Modules/1r0-gym/Import/LiftinCSV.swift"; sourceTree = SOURCE_ROOT; };
		24654844A0874A09F64936EB /* WatchRootView.swift */ = {isa = PBXFileReference; lastKnownFileType = sourcecode.swift; name = WatchRootView.swift; path = "1r0-pkm-w Watch App/WatchRootView.swift"; sourceTree = SOURCE_ROOT; };
		292C4093960D1B8A0B5EFE7A /* GymMath.swift */ = {isa = PBXFileReference; lastKnownFileType = sourcecode.swift; name = GymMath.swift; path = "1r0-pkm/Modules/1r0-gym/GymMath.swift"; sourceTree = SOURCE_ROOT; };
		2A10CD2EC5CE16D399461241 /* Food.swift */ = {isa = PBXFileReference; lastKnownFileType = sourcecode.swift; name = Food.swift; path = "1r0-pkm/Modules/1r0-diet/Models/Food.swift"; sourceTree = SOURCE_ROOT; };
		33394EDB88C37094051E27DE /* PhoneConnector.swift */ = {isa = PBXFileReference; lastKnownFileType = sourcecode.swift; name = PhoneConnector.swift; path = "1r0-pkm/PhoneConnector.swift"; sourceTree = SOURCE_ROOT; };
		33C8DA091BBA4934BAB889A8 /* RecipeListView.swift */ = {isa = PBXFileReference; lastKnownFileType = sourcecode.swift; name = RecipeListView.swift; path = "1r0-pkm/Modules/1r0-diet/Views/RecipeListView.swift"; sourceTree = SOURCE_ROOT; };
		3D7F4AFA951073018127E688 /* BodyMeasurement.swift */ = {isa = PBXFileReference; lastKnownFileType = sourcecode.swift; name = BodyMeasurement.swift; path = "1r0-pkm/Modules/1r0-gym/Models/BodyMeasurement.swift"; sourceTree = SOURCE_ROOT; };
		4C6952FB3A11858434A98160 /* NutritionGoal.swift */ = {isa = PBXFileReference; lastKnownFileType = sourcecode.swift; name = NutritionGoal.swift; path = "1r0-pkm/Modules/1r0-diet/Models/NutritionGoal.swift"; sourceTree = SOURCE_ROOT; };
		4D5E4DB7A01F74D853118674 /* OutboxEntry.swift */ = {isa = PBXFileReference; lastKnownFileType = sourcecode.swift; name = OutboxEntry.swift; path = "1r0-pkm/Modules/Shared/Sync/OutboxEntry.swift"; sourceTree = SOURCE_ROOT; };
		519F45C98B2D084737AE170F /* SyncPolicyTests.swift */ = {isa = PBXFileReference; lastKnownFileType = sourcecode.swift; name = SyncPolicyTests.swift; path = "1r0-pkmTests/SyncPolicyTests.swift"; sourceTree = SOURCE_ROOT; };
		261243F3F5F4F724E72E3D32 /* WaterReminderTests.swift */ = {isa = PBXFileReference; lastKnownFileType = sourcecode.swift; name = WaterReminderTests.swift; path = "1r0-pkmTests/WaterReminderTests.swift"; sourceTree = SOURCE_ROOT; };
		E7338A1F6DED695D38365961 /* NutritionMathTests.swift */ = {isa = PBXFileReference; lastKnownFileType = sourcecode.swift; name = NutritionMathTests.swift; path = "1r0-pkmTests/NutritionMathTests.swift"; sourceTree = SOURCE_ROOT; };
		797EC17C767A49C02F159C69 /* GymStatsTests.swift */ = {isa = PBXFileReference; lastKnownFileType = sourcecode.swift; name = GymStatsTests.swift; path = "1r0-pkmTests/GymStatsTests.swift"; sourceTree = SOURCE_ROOT; };
		F1DD477349F5319FD1C454B8 /* WorkoutImportTests.swift */ = {isa = PBXFileReference; lastKnownFileType = sourcecode.swift; name = WorkoutImportTests.swift; path = "1r0-pkmTests/WorkoutImportTests.swift"; sourceTree = SOURCE_ROOT; };
		BD90E9BF3ECAC1ABDF1B6A1F /* LiftinCSVTests.swift */ = {isa = PBXFileReference; lastKnownFileType = sourcecode.swift; name = LiftinCSVTests.swift; path = "1r0-pkmTests/LiftinCSVTests.swift"; sourceTree = SOURCE_ROOT; };
		6F53084FA417A956060E0111 /* MissingMealReminderTests.swift */ = {isa = PBXFileReference; lastKnownFileType = sourcecode.swift; name = MissingMealReminderTests.swift; path = "1r0-pkmTests/MissingMealReminderTests.swift"; sourceTree = SOURCE_ROOT; };
		54B54FD4AD90693086FD751B /* ApiClient.swift */ = {isa = PBXFileReference; lastKnownFileType = sourcecode.swift; name = ApiClient.swift; path = "1r0-pkm/Modules/Shared/API/ApiClient.swift"; sourceTree = SOURCE_ROOT; };
		56B5D6EE853345868DAEE75B /* Trackers.swift */ = {isa = PBXFileReference; lastKnownFileType = sourcecode.swift; name = Trackers.swift; path = "1r0-pkm/Modules/1r0-diet/Models/Trackers.swift"; sourceTree = SOURCE_ROOT; };
		61045447A4494D6B979D4A4A /* WatchWorkoutSession.swift */ = {isa = PBXFileReference; lastKnownFileType = sourcecode.swift; name = WatchWorkoutSession.swift; path = "1r0-pkm-w Watch App/WatchWorkoutSession.swift"; sourceTree = SOURCE_ROOT; };
		621ABECCE5244E47B87B7258 /* Recipe.swift */ = {isa = PBXFileReference; lastKnownFileType = sourcecode.swift; name = Recipe.swift; path = "1r0-pkm/Modules/1r0-diet/Models/Recipe.swift"; sourceTree = SOURCE_ROOT; };
		636C4706B7AF7ACBB3ECCD1A /* AddMeasurementView.swift */ = {isa = PBXFileReference; lastKnownFileType = sourcecode.swift; name = AddMeasurementView.swift; path = "1r0-pkm/Modules/1r0-gym/Views/AddMeasurementView.swift"; sourceTree = SOURCE_ROOT; };
		67C048CA9A5CB9A7E3AA639D /* SetLogEntry.swift */ = {isa = PBXFileReference; lastKnownFileType = sourcecode.swift; name = SetLogEntry.swift; path = "1r0-pkm/Modules/1r0-gym/Models/SetLogEntry.swift"; sourceTree = SOURCE_ROOT; };
		7DF9D775FB254281A107B41A /* ShoppingListView.swift */ = {isa = PBXFileReference; lastKnownFileType = sourcecode.swift; name = ShoppingListView.swift; path = "1r0-pkm/Modules/1r0-diet/Views/ShoppingListView.swift"; sourceTree = SOURCE_ROOT; };
		81184CE697A7F0353C1C751F /* Secrets.swift */ = {isa = PBXFileReference; lastKnownFileType = sourcecode.swift; name = Secrets.swift; path = "1r0-pkm/Secrets.swift"; sourceTree = SOURCE_ROOT; };
		84B03C6BFF944DF79D2DCDD0 /* TrackersView.swift */ = {isa = PBXFileReference; lastKnownFileType = sourcecode.swift; name = TrackersView.swift; path = "1r0-pkm/Modules/1r0-diet/Views/TrackersView.swift"; sourceTree = SOURCE_ROOT; };
		8BD443ADA22BB0E9CDE3CF8F /* Manrope-Variable.ttf */ = {isa = PBXFileReference; lastKnownFileType = file.ttf; name = "Manrope-Variable.ttf"; path = "1r0-pkm/Resources/Fonts/Manrope-Variable.ttf"; sourceTree = SOURCE_ROOT; };
		8FE746F3AB2181072C2880A5 /* SpaceGrotesk-Variable.ttf */ = {isa = PBXFileReference; lastKnownFileType = file.ttf; name = "SpaceGrotesk-Variable.ttf"; path = "1r0-pkm/Resources/Fonts/SpaceGrotesk-Variable.ttf"; sourceTree = SOURCE_ROOT; };
		988633712155B9E1F8B5774C /* AddFoodView.swift */ = {isa = PBXFileReference; lastKnownFileType = sourcecode.swift; name = AddFoodView.swift; path = "1r0-pkm/Modules/1r0-diet/Views/AddFoodView.swift"; sourceTree = SOURCE_ROOT; };
		9B9644AB95261BCE92D1D894 /* WorkoutSession.swift */ = {isa = PBXFileReference; lastKnownFileType = sourcecode.swift; name = WorkoutSession.swift; path = "1r0-pkm/Modules/1r0-gym/Models/WorkoutSession.swift"; sourceTree = SOURCE_ROOT; };
		A53D9552D59546D2A10D4C9D /* PlannedMeal.swift */ = {isa = PBXFileReference; lastKnownFileType = sourcecode.swift; name = PlannedMeal.swift; path = "1r0-pkm/Modules/1r0-diet/Models/PlannedMeal.swift"; sourceTree = SOURCE_ROOT; };
		FDBB74980B30439793CC5ECF /* DietTemplate.swift */ = {isa = PBXFileReference; lastKnownFileType = sourcecode.swift; name = DietTemplate.swift; path = "1r0-pkm/Modules/1r0-diet/Models/DietTemplate.swift"; sourceTree = SOURCE_ROOT; };
		A5E8A795858A4969B64D9739 /* FoodBasketEditor.swift */ = {isa = PBXFileReference; lastKnownFileType = sourcecode.swift; name = FoodBasketEditor.swift; path = "1r0-pkm/Modules/1r0-diet/Views/FoodBasketEditor.swift"; sourceTree = SOURCE_ROOT; };
		B388462C9F55B3B3BAF6B0B8 /* WatchConnector.swift */ = {isa = PBXFileReference; lastKnownFileType = sourcecode.swift; name = WatchConnector.swift; path = "1r0-pkm-w Watch App/WatchConnector.swift"; sourceTree = SOURCE_ROOT; };
		B98F725248DB437980EF296A /* DietReport.swift */ = {isa = PBXFileReference; lastKnownFileType = sourcecode.swift; name = DietReport.swift; path = "1r0-pkm/Modules/1r0-diet/DietReport.swift"; sourceTree = SOURCE_ROOT; };
		BB7A4439B908DA03F49A6456 /* WatchSessionModel.swift */ = {isa = PBXFileReference; lastKnownFileType = sourcecode.swift; name = WatchSessionModel.swift; path = "1r0-pkm-w Watch App/WatchSessionModel.swift"; sourceTree = SOURCE_ROOT; };
		C1F64BF4A3FAF12F5B078429 /* HealthKitService.swift */ = {isa = PBXFileReference; lastKnownFileType = sourcecode.swift; name = HealthKitService.swift; path = "1r0-pkm/Modules/Shared/HealthKit/HealthKitService.swift"; sourceTree = SOURCE_ROOT; };
		FF9CD8436827423AAA8B2C48 /* HealthKitPreference.swift */ = {isa = PBXFileReference; lastKnownFileType = sourcecode.swift; name = HealthKitPreference.swift; path = "1r0-pkm/Modules/Shared/HealthKit/HealthKitPreference.swift"; sourceTree = SOURCE_ROOT; };
		4E305B64F3B1456487704976 /* HealthKitStatus.swift */ = {isa = PBXFileReference; lastKnownFileType = sourcecode.swift; name = HealthKitStatus.swift; path = "1r0-pkm/Modules/Shared/HealthKit/HealthKitStatus.swift"; sourceTree = SOURCE_ROOT; };
		9661D822880747C695783CEE /* FoodSearchPreference.swift */ = {isa = PBXFileReference; lastKnownFileType = sourcecode.swift; name = FoodSearchPreference.swift; path = "1r0-pkm/Modules/1r0-diet/FoodSearchPreference.swift"; sourceTree = SOURCE_ROOT; };
		8B7B16C7891A486E9BE73580 /* DBTargetPreference.swift */ = {isa = PBXFileReference; lastKnownFileType = sourcecode.swift; name = DBTargetPreference.swift; path = "1r0-pkm/Modules/Shared/API/DBTargetPreference.swift"; sourceTree = SOURCE_ROOT; };
		C804BC481B36898CCF0C1F43 /* MealEntry.swift */ = {isa = PBXFileReference; lastKnownFileType = sourcecode.swift; name = MealEntry.swift; path = "1r0-pkm/Modules/1r0-diet/Models/MealEntry.swift"; sourceTree = SOURCE_ROOT; };
		D24954145CE3772A2A0BA0C2 /* DietTabView.swift */ = {isa = PBXFileReference; lastKnownFileType = sourcecode.swift; name = DietTabView.swift; path = "1r0-pkm/Modules/1r0-diet/Views/DietTabView.swift"; sourceTree = SOURCE_ROOT; };
		DBE94A879CE3331BCD7BBD82 /* GymMathTests.swift */ = {isa = PBXFileReference; lastKnownFileType = sourcecode.swift; name = GymMathTests.swift; path = "1r0-pkmTests/GymMathTests.swift"; sourceTree = SOURCE_ROOT; };
		DD3AA36288814E159C189B3E /* DietReportView.swift */ = {isa = PBXFileReference; lastKnownFileType = sourcecode.swift; name = DietReportView.swift; path = "1r0-pkm/Modules/1r0-diet/Views/DietReportView.swift"; sourceTree = SOURCE_ROOT; };
		E75F149E62524030BE1EC58F /* MealPlanView.swift */ = {isa = PBXFileReference; lastKnownFileType = sourcecode.swift; name = MealPlanView.swift; path = "1r0-pkm/Modules/1r0-diet/Views/MealPlanView.swift"; sourceTree = SOURCE_ROOT; };
		BBE1E2EC2EEE4987A59C8098 /* DietTemplateEditorView.swift */ = {isa = PBXFileReference; lastKnownFileType = sourcecode.swift; name = DietTemplateEditorView.swift; path = "1r0-pkm/Modules/1r0-diet/Views/DietTemplateEditorView.swift"; sourceTree = SOURCE_ROOT; };
		EA4BF6C73A3B0507A755F831 /* BarcodeScannerView.swift */ = {isa = PBXFileReference; lastKnownFileType = sourcecode.swift; name = BarcodeScannerView.swift; path = "1r0-pkm/Modules/1r0-diet/Views/BarcodeScannerView.swift"; sourceTree = SOURCE_ROOT; };
		ED3C954B304CE45600E8464E /* 1r0-pkm-w Watch App.app */ = {isa = PBXFileReference; explicitFileType = wrapper.application; includeInIndex = 0; path = "1r0-pkm-w Watch App.app"; sourceTree = BUILT_PRODUCTS_DIR; };
		ED3C954D304CE45600E8464E /* _r0_pkm_wApp.swift */ = {isa = PBXFileReference; lastKnownFileType = sourcecode.swift; path = _r0_pkm_wApp.swift; sourceTree = "<group>"; };
		ED3C954F304CE45600E8464E /* ContentView.swift */ = {isa = PBXFileReference; lastKnownFileType = sourcecode.swift; path = ContentView.swift; sourceTree = "<group>"; };
		ED3C9551304CE45800E8464E /* Assets.xcassets */ = {isa = PBXFileReference; lastKnownFileType = folder.assetcatalog; path = Assets.xcassets; sourceTree = "<group>"; };
		ED3C9554304CE45800E8464E /* Preview Assets.xcassets */ = {isa = PBXFileReference; lastKnownFileType = folder.assetcatalog; path = "Preview Assets.xcassets"; sourceTree = "<group>"; };
		ED3C955A304CE45800E8464E /* 1r0-pkm-w Watch AppTests.xctest */ = {isa = PBXFileReference; explicitFileType = wrapper.cfbundle; includeInIndex = 0; path = "1r0-pkm-w Watch AppTests.xctest"; sourceTree = BUILT_PRODUCTS_DIR; };
		ED3C955E304CE45800E8464E /* _r0_pkm_w_Watch_AppTests.swift */ = {isa = PBXFileReference; lastKnownFileType = sourcecode.swift; path = _r0_pkm_w_Watch_AppTests.swift; sourceTree = "<group>"; };
		ED3C9564304CE45800E8464E /* 1r0-pkm-w Watch AppUITests.xctest */ = {isa = PBXFileReference; explicitFileType = wrapper.cfbundle; includeInIndex = 0; path = "1r0-pkm-w Watch AppUITests.xctest"; sourceTree = BUILT_PRODUCTS_DIR; };
		ED3C9568304CE45800E8464E /* _r0_pkm_w_Watch_AppUITests.swift */ = {isa = PBXFileReference; lastKnownFileType = sourcecode.swift; path = _r0_pkm_w_Watch_AppUITests.swift; sourceTree = "<group>"; };
		ED3C956A304CE45800E8464E /* _r0_pkm_w_Watch_AppUITestsLaunchTests.swift */ = {isa = PBXFileReference; lastKnownFileType = sourcecode.swift; path = _r0_pkm_w_Watch_AppUITestsLaunchTests.swift; sourceTree = "<group>"; };
		ED3F625A304CD5CE000F4A2D /* 1r0-pkm.app */ = {isa = PBXFileReference; explicitFileType = wrapper.application; includeInIndex = 0; path = "1r0-pkm.app"; sourceTree = BUILT_PRODUCTS_DIR; };
		ED3F625D304CD5CF000F4A2D /* _r0_pkmApp.swift */ = {isa = PBXFileReference; lastKnownFileType = sourcecode.swift; path = _r0_pkmApp.swift; sourceTree = "<group>"; };
		ED3F625F304CD5CF000F4A2D /* ContentView.swift */ = {isa = PBXFileReference; lastKnownFileType = sourcecode.swift; path = ContentView.swift; sourceTree = "<group>"; };
		ED3F6261304CD5D0000F4A2D /* Assets.xcassets */ = {isa = PBXFileReference; lastKnownFileType = folder.assetcatalog; path = Assets.xcassets; sourceTree = "<group>"; };
		ED3F6263304CD5D0000F4A2D /* _r0_pkm.entitlements */ = {isa = PBXFileReference; lastKnownFileType = text.plist.entitlements; path = _r0_pkm.entitlements; sourceTree = "<group>"; };
		ED3F6265304CD5D0000F4A2D /* Preview Assets.xcassets */ = {isa = PBXFileReference; lastKnownFileType = folder.assetcatalog; path = "Preview Assets.xcassets"; sourceTree = "<group>"; };
		ED3F626B304CD5D1000F4A2D /* 1r0-pkmTests.xctest */ = {isa = PBXFileReference; explicitFileType = wrapper.cfbundle; includeInIndex = 0; path = "1r0-pkmTests.xctest"; sourceTree = BUILT_PRODUCTS_DIR; };
		ED3F626F304CD5D1000F4A2D /* _r0_pkmTests.swift */ = {isa = PBXFileReference; lastKnownFileType = sourcecode.swift; path = _r0_pkmTests.swift; sourceTree = "<group>"; };
		ED3F6275304CD5D1000F4A2D /* 1r0-pkmUITests.xctest */ = {isa = PBXFileReference; explicitFileType = wrapper.cfbundle; includeInIndex = 0; path = "1r0-pkmUITests.xctest"; sourceTree = BUILT_PRODUCTS_DIR; };
		ED3F6279304CD5D1000F4A2D /* _r0_pkmUITests.swift */ = {isa = PBXFileReference; lastKnownFileType = sourcecode.swift; path = _r0_pkmUITests.swift; sourceTree = "<group>"; };
		ED3F627B304CD5D1000F4A2D /* _r0_pkmUITestsLaunchTests.swift */ = {isa = PBXFileReference; lastKnownFileType = sourcecode.swift; path = _r0_pkmUITestsLaunchTests.swift; sourceTree = "<group>"; };
		EDAC45ECAC44E556696F8639 /* GymData.swift */ = {isa = PBXFileReference; lastKnownFileType = sourcecode.swift; name = GymData.swift; path = "1r0-pkm/Modules/1r0-gym/GymData.swift"; sourceTree = SOURCE_ROOT; };
		666E4DC757ABFAE3E3951C80 /* GymSync.swift */ = {isa = PBXFileReference; lastKnownFileType = sourcecode.swift; name = GymSync.swift; path = "1r0-pkm/Modules/1r0-gym/Sync/GymSync.swift"; sourceTree = SOURCE_ROOT; };
		FC344F7FA1A1CFFADE238D5A /* GlassTheme.swift */ = {isa = PBXFileReference; lastKnownFileType = sourcecode.swift; name = GlassTheme.swift; path = "1r0-pkm/Modules/Shared/DesignSystem/GlassTheme.swift"; sourceTree = SOURCE_ROOT; };
/* End PBXFileReference section */

/* Begin PBXFrameworksBuildPhase section */
/* End PBXFrameworksBuildPhase section */

/* Begin PBXGroup section */
		ED3C954C304CE45600E8464E /* 1r0-pkm-w Watch App */ = {
			isa = PBXGroup;
			children = (
				ED3C954D304CE45600E8464E /* _r0_pkm_wApp.swift */,
				ED3C954F304CE45600E8464E /* ContentView.swift */,
				ED3C9551304CE45800E8464E /* Assets.xcassets */,
				ED3C9553304CE45800E8464E /* Preview Content */,
			);
			path = "1r0-pkm-w Watch App";
			sourceTree = "<group>";
		};
		ED3C9553304CE45800E8464E /* Preview Content */ = {
			isa = PBXGroup;
			children = (
				ED3C9554304CE45800E8464E /* Preview Assets.xcassets */,
			);
			path = "Preview Content";
			sourceTree = "<group>";
		};
		ED3C955D304CE45800E8464E /* 1r0-pkm-w Watch AppTests */ = {
			isa = PBXGroup;
			children = (
				ED3C955E304CE45800E8464E /* _r0_pkm_w_Watch_AppTests.swift */,
			);
			path = "1r0-pkm-w Watch AppTests";
			sourceTree = "<group>";
		};
		ED3C9567304CE45800E8464E /* 1r0-pkm-w Watch AppUITests */ = {
			isa = PBXGroup;
			children = (
				ED3C9568304CE45800E8464E /* _r0_pkm_w_Watch_AppUITests.swift */,
				ED3C956A304CE45800E8464E /* _r0_pkm_w_Watch_AppUITestsLaunchTests.swift */,
			);
			path = "1r0-pkm-w Watch AppUITests";
			sourceTree = "<group>";
		};
		ED3F6251304CD5CE000F4A2D = {
			isa = PBXGroup;
			children = (
				0684C6FFAFFCA1D98E54CC94 /* NutritionGoalView.swift */,
				84B03C6BFF944DF79D2DCDD0 /* TrackersView.swift */,
				7DF9D775FB254281A107B41A /* ShoppingListView.swift */,
				56B5D6EE853345868DAEE75B /* Trackers.swift */,
				05106DA08A2943199C91C9DA /* ShoppingListItem.swift */,
				E75F149E62524030BE1EC58F /* MealPlanView.swift */,
				BBE1E2EC2EEE4987A59C8098 /* DietTemplateEditorView.swift */,
				33C8DA091BBA4934BAB889A8 /* RecipeListView.swift */,
				A5E8A795858A4969B64D9739 /* FoodBasketEditor.swift */,
				A53D9552D59546D2A10D4C9D /* PlannedMeal.swift */,
				FDBB74980B30439793CC5ECF /* DietTemplate.swift */,
				621ABECCE5244E47B87B7258 /* Recipe.swift */,
				DD3AA36288814E159C189B3E /* DietReportView.swift */,
				B98F725248DB437980EF296A /* DietReport.swift */,
				4C6952FB3A11858434A98160 /* NutritionGoal.swift */,
				EA4BF6C73A3B0507A755F831 /* BarcodeScannerView.swift */,
				988633712155B9E1F8B5774C /* AddFoodView.swift */,
				06E1AFBD413F9A3E581B3E95 /* LogFoodView.swift */,
				D24954145CE3772A2A0BA0C2 /* DietTabView.swift */,
				1D4066644EA1AE2764C9B705 /* DietSync.swift */,
				A843FD7D5AC4990D5F7FAFC4 /* MissingMealReminder.swift */,
				53E5638703365A4C4769A615 /* MealSlotAck.swift */,
				FC00EB2F2C53AD709905F629 /* RemindersEngine.swift */,
				266509705A17130B2BAFCE0F /* NotificationGateway.swift */,
				0F97759DFE914F0D36880E26 /* ReminderRule.swift */,
				2577760ED7AA9008102D8081 /* ReminderSettings.swift */,
				EB28CDC7F4A14AB2FCDA46FE /* ReminderCategory.swift */,
				C804BC481B36898CCF0C1F43 /* MealEntry.swift */,
				2A10CD2EC5CE16D399461241 /* Food.swift */,
				ED3F625C304CD5CE000F4A2D /* 1r0-pkm */,
				ED3F626E304CD5D1000F4A2D /* 1r0-pkmTests */,
				ED3F6278304CD5D1000F4A2D /* 1r0-pkmUITests */,
				ED3C954C304CE45600E8464E /* 1r0-pkm-w Watch App */,
				ED3C955D304CE45800E8464E /* 1r0-pkm-w Watch AppTests */,
				ED3C9567304CE45800E8464E /* 1r0-pkm-w Watch AppUITests */,
				ED3F625B304CD5CE000F4A2D /* Products */,
				33394EDB88C37094051E27DE /* PhoneConnector.swift */,
				B388462C9F55B3B3BAF6B0B8 /* WatchConnector.swift */,
				54B54FD4AD90693086FD751B /* ApiClient.swift */,
				81184CE697A7F0353C1C751F /* Secrets.swift */,
				4D5E4DB7A01F74D853118674 /* OutboxEntry.swift */,
				20CF4E7CB31B6551914B2913 /* Outbox.swift */,
				A106570CB2ADF5426A66B9CC /* DietSettingsView.swift */,
				E17C0EB60C9143EF6B56CBEC /* WaterReminder.swift */,
				B49915B14B422866F51EFCF9 /* GymHistoryView.swift */,
				4851C4D34959899D34E5C5E0 /* GymStats.swift */,
				9F53AA31CA6255E247083B38 /* DocumentPicker.swift */,
				EC3A4599E73E9E2C5C114944 /* ImportWorkoutsView.swift */,
				00DCB5BF793B34FF2A75E46E /* WorkoutImport.swift */,
				991F5A9E39608B3F69313384 /* LiftinCSV.swift */,
				FC344F7FA1A1CFFADE238D5A /* GlassTheme.swift */,
				8FE746F3AB2181072C2880A5 /* SpaceGrotesk-Variable.ttf */,
				8BD443ADA22BB0E9CDE3CF8F /* Manrope-Variable.ttf */,
				9B9644AB95261BCE92D1D894 /* WorkoutSession.swift */,
				67C048CA9A5CB9A7E3AA639D /* SetLogEntry.swift */,
				292C4093960D1B8A0B5EFE7A /* GymMath.swift */,
				DBE94A879CE3331BCD7BBD82 /* GymMathTests.swift */,
				3D7F4AFA951073018127E688 /* BodyMeasurement.swift */,
				636C4706B7AF7ACBB3ECCD1A /* AddMeasurementView.swift */,
				BB7A4439B908DA03F49A6456 /* WatchSessionModel.swift */,
				61045447A4494D6B979D4A4A /* WatchWorkoutSession.swift */,
				24654844A0874A09F64936EB /* WatchRootView.swift */,
				EDAC45ECAC44E556696F8639 /* GymData.swift */,
				666E4DC757ABFAE3E3951C80 /* GymSync.swift */,
				C1F64BF4A3FAF12F5B078429 /* HealthKitService.swift */,
				FF9CD8436827423AAA8B2C48 /* HealthKitPreference.swift */,
				4E305B64F3B1456487704976 /* HealthKitStatus.swift */,
				9661D822880747C695783CEE /* FoodSearchPreference.swift */,
				8B7B16C7891A486E9BE73580 /* DBTargetPreference.swift */,
				0B844B7AA5E906D97ABA6500 /* HealthKitOnboardingView.swift */,
				129B4E32BA23FB5A5AD9E330 /* SyncPolicy.swift */,
				1F024674A3B635B2CD67922F /* SyncEngine.swift */,
				519F45C98B2D084737AE170F /* SyncPolicyTests.swift */,
				261243F3F5F4F724E72E3D32 /* WaterReminderTests.swift */,
				E7338A1F6DED695D38365961 /* NutritionMathTests.swift */,
				797EC17C767A49C02F159C69 /* GymStatsTests.swift */,
				F1DD477349F5319FD1C454B8 /* WorkoutImportTests.swift */,
				BD90E9BF3ECAC1ABDF1B6A1F /* LiftinCSVTests.swift */,
				6F53084FA417A956060E0111 /* MissingMealReminderTests.swift */,
			);
			sourceTree = "<group>";
		};
		ED3F625B304CD5CE000F4A2D /* Products */ = {
			isa = PBXGroup;
			children = (
				ED3F625A304CD5CE000F4A2D /* 1r0-pkm.app */,
				ED3F626B304CD5D1000F4A2D /* 1r0-pkmTests.xctest */,
				ED3F6275304CD5D1000F4A2D /* 1r0-pkmUITests.xctest */,
				ED3C954B304CE45600E8464E /* 1r0-pkm-w Watch App.app */,
				ED3C955A304CE45800E8464E /* 1r0-pkm-w Watch AppTests.xctest */,
				ED3C9564304CE45800E8464E /* 1r0-pkm-w Watch AppUITests.xctest */,
			);
			name = Products;
			sourceTree = "<group>";
		};
		ED3F625C304CD5CE000F4A2D /* 1r0-pkm */ = {
			isa = PBXGroup;
			children = (
				ED3F625D304CD5CF000F4A2D /* _r0_pkmApp.swift */,
				ED3F625F304CD5CF000F4A2D /* ContentView.swift */,
				ED3F6261304CD5D0000F4A2D /* Assets.xcassets */,
				ED3F6263304CD5D0000F4A2D /* _r0_pkm.entitlements */,
				ED3F6264304CD5D0000F4A2D /* Preview Content */,
			);
			path = "1r0-pkm";
			sourceTree = "<group>";
		};
		ED3F6264304CD5D0000F4A2D /* Preview Content */ = {
			isa = PBXGroup;
			children = (
				ED3F6265304CD5D0000F4A2D /* Preview Assets.xcassets */,
			);
			path = "Preview Content";
			sourceTree = "<group>";
		};
		ED3F626E304CD5D1000F4A2D /* 1r0-pkmTests */ = {
			isa = PBXGroup;
			children = (
				ED3F626F304CD5D1000F4A2D /* _r0_pkmTests.swift */,
			);
			path = "1r0-pkmTests";
			sourceTree = "<group>";
		};
		ED3F6278304CD5D1000F4A2D /* 1r0-pkmUITests */ = {
			isa = PBXGroup;
			children = (
				ED3F6279304CD5D1000F4A2D /* _r0_pkmUITests.swift */,
				ED3F627B304CD5D1000F4A2D /* _r0_pkmUITestsLaunchTests.swift */,
			);
			path = "1r0-pkmUITests";
			sourceTree = "<group>";
		};
/* End PBXGroup section */

/* Begin PBXNativeTarget section */
		ED3C954A304CE45600E8464E /* 1r0-pkm-w Watch App */ = {
			isa = PBXNativeTarget;
			buildConfigurationList = ED3C956F304CE45800E8464E /* Build configuration list for PBXNativeTarget "1r0-pkm-w Watch App" */;
			buildPhases = (
				ED3C9547304CE45600E8464E /* Sources */,
				ED3C9549304CE45600E8464E /* Resources */,
			);
			buildRules = (
			);
			dependencies = (
			);
			name = "1r0-pkm-w Watch App";
			productName = "1r0-pkm-w Watch App";
			productReference = ED3C954B304CE45600E8464E /* 1r0-pkm-w Watch App.app */;
			productType = "com.apple.product-type.application";
		};
		ED3C9559304CE45800E8464E /* 1r0-pkm-w Watch AppTests */ = {
			isa = PBXNativeTarget;
			buildConfigurationList = ED3C9573304CE45800E8464E /* Build configuration list for PBXNativeTarget "1r0-pkm-w Watch AppTests" */;
			buildPhases = (
				ED3C9556304CE45800E8464E /* Sources */,
				ED3C9558304CE45800E8464E /* Resources */,
			);
			buildRules = (
			);
			dependencies = (
				ED3C955C304CE45800E8464E /* PBXTargetDependency */,
			);
			name = "1r0-pkm-w Watch AppTests";
			productName = "1r0-pkm-w Watch AppTests";
			productReference = ED3C955A304CE45800E8464E /* 1r0-pkm-w Watch AppTests.xctest */;
			productType = "com.apple.product-type.bundle.unit-test";
		};
		ED3C9563304CE45800E8464E /* 1r0-pkm-w Watch AppUITests */ = {
			isa = PBXNativeTarget;
			buildConfigurationList = ED3C9576304CE45800E8464E /* Build configuration list for PBXNativeTarget "1r0-pkm-w Watch AppUITests" */;
			buildPhases = (
				ED3C9560304CE45800E8464E /* Sources */,
				ED3C9562304CE45800E8464E /* Resources */,
			);
			buildRules = (
			);
			dependencies = (
				ED3C9566304CE45800E8464E /* PBXTargetDependency */,
			);
			name = "1r0-pkm-w Watch AppUITests";
			productName = "1r0-pkm-w Watch AppUITests";
			productReference = ED3C9564304CE45800E8464E /* 1r0-pkm-w Watch AppUITests.xctest */;
			productType = "com.apple.product-type.bundle.ui-testing";
		};
		ED3F6259304CD5CE000F4A2D /* 1r0-pkm */ = {
			isa = PBXNativeTarget;
			buildConfigurationList = ED3F627F304CD5D1000F4A2D /* Build configuration list for PBXNativeTarget "1r0-pkm" */;
			buildPhases = (
				ED3F6256304CD5CE000F4A2D /* Sources */,
				ED3F6258304CD5CE000F4A2D /* Resources */,
			);
			buildRules = (
			);
			dependencies = (
			);
			name = "1r0-pkm";
			productName = "1r0-pkm";
			productReference = ED3F625A304CD5CE000F4A2D /* 1r0-pkm.app */;
			productType = "com.apple.product-type.application";
		};
		ED3F626A304CD5D1000F4A2D /* 1r0-pkmTests */ = {
			isa = PBXNativeTarget;
			buildConfigurationList = ED3F6282304CD5D1000F4A2D /* Build configuration list for PBXNativeTarget "1r0-pkmTests" */;
			buildPhases = (
				ED3F6267304CD5D1000F4A2D /* Sources */,
				ED3F6269304CD5D1000F4A2D /* Resources */,
			);
			buildRules = (
			);
			dependencies = (
				ED3F626D304CD5D1000F4A2D /* PBXTargetDependency */,
			);
			name = "1r0-pkmTests";
			productName = "1r0-pkmTests";
			productReference = ED3F626B304CD5D1000F4A2D /* 1r0-pkmTests.xctest */;
			productType = "com.apple.product-type.bundle.unit-test";
		};
		ED3F6274304CD5D1000F4A2D /* 1r0-pkmUITests */ = {
			isa = PBXNativeTarget;
			buildConfigurationList = ED3F6285304CD5D1000F4A2D /* Build configuration list for PBXNativeTarget "1r0-pkmUITests" */;
			buildPhases = (
				ED3F6271304CD5D1000F4A2D /* Sources */,
				ED3F6273304CD5D1000F4A2D /* Resources */,
			);
			buildRules = (
			);
			dependencies = (
				ED3F6277304CD5D1000F4A2D /* PBXTargetDependency */,
			);
			name = "1r0-pkmUITests";
			productName = "1r0-pkmUITests";
			productReference = ED3F6275304CD5D1000F4A2D /* 1r0-pkmUITests.xctest */;
			productType = "com.apple.product-type.bundle.ui-testing";
		};
/* End PBXNativeTarget section */

/* Begin PBXProject section */
		ED3F6252304CD5CE000F4A2D /* Project object */ = {
			isa = PBXProject;
			attributes = {
				BuildIndependentTargetsInParallel = 1;
				LastSwiftUpdateCheck = 1540;
				LastUpgradeCheck = 1540;
				TargetAttributes = {
					ED3C954A304CE45600E8464E = {
						CreatedOnToolsVersion = 15.4;
					};
					ED3C9559304CE45800E8464E = {
						CreatedOnToolsVersion = 15.4;
						TestTargetID = ED3C954A304CE45600E8464E;
					};
					ED3C9563304CE45800E8464E = {
						CreatedOnToolsVersion = 15.4;
						TestTargetID = ED3C954A304CE45600E8464E;
					};
					ED3F6259304CD5CE000F4A2D = {
						CreatedOnToolsVersion = 15.4;
					};
					ED3F626A304CD5D1000F4A2D = {
						CreatedOnToolsVersion = 15.4;
						TestTargetID = ED3F6259304CD5CE000F4A2D;
					};
					ED3F6274304CD5D1000F4A2D = {
						CreatedOnToolsVersion = 15.4;
						TestTargetID = ED3F6259304CD5CE000F4A2D;
					};
				};
			};
			buildConfigurationList = ED3F6255304CD5CE000F4A2D /* Build configuration list for PBXProject "1r0-pkm" */;
			compatibilityVersion = "Xcode 14.0";
			developmentRegion = en;
			hasScannedForEncodings = 0;
			knownRegions = (
				en,
				Base,
			);
			mainGroup = ED3F6251304CD5CE000F4A2D;
			productRefGroup = ED3F625B304CD5CE000F4A2D /* Products */;
			projectDirPath = "";
			projectRoot = "";
			targets = (
				ED3F6259304CD5CE000F4A2D /* 1r0-pkm */,
				ED3F626A304CD5D1000F4A2D /* 1r0-pkmTests */,
				ED3F6274304CD5D1000F4A2D /* 1r0-pkmUITests */,
				ED3C954A304CE45600E8464E /* 1r0-pkm-w Watch App */,
				ED3C9559304CE45800E8464E /* 1r0-pkm-w Watch AppTests */,
				ED3C9563304CE45800E8464E /* 1r0-pkm-w Watch AppUITests */,
			);
		};
/* End PBXProject section */

/* Begin PBXResourcesBuildPhase section */
		ED3C9549304CE45600E8464E /* Resources */ = {
			isa = PBXResourcesBuildPhase;
			buildActionMask = 2147483647;
			files = (
				ED3C9555304CE45800E8464E /* Preview Assets.xcassets in Resources */,
				ED3C9552304CE45800E8464E /* Assets.xcassets in Resources */,
			);
			runOnlyForDeploymentPostprocessing = 0;
		};
		ED3C9558304CE45800E8464E /* Resources */ = {
			isa = PBXResourcesBuildPhase;
			buildActionMask = 2147483647;
			files = (
			);
			runOnlyForDeploymentPostprocessing = 0;
		};
		ED3C9562304CE45800E8464E /* Resources */ = {
			isa = PBXResourcesBuildPhase;
			buildActionMask = 2147483647;
			files = (
			);
			runOnlyForDeploymentPostprocessing = 0;
		};
		ED3F6258304CD5CE000F4A2D /* Resources */ = {
			isa = PBXResourcesBuildPhase;
			buildActionMask = 2147483647;
			files = (
				ED3F6266304CD5D0000F4A2D /* Preview Assets.xcassets in Resources */,
				ED3F6262304CD5D0000F4A2D /* Assets.xcassets in Resources */,
				0FC646509A6876E99A7AF7D4 /* SpaceGrotesk-Variable.ttf in Resources */,
				ACEF43729CB557894293499D /* Manrope-Variable.ttf in Resources */,
			);
			runOnlyForDeploymentPostprocessing = 0;
		};
		ED3F6269304CD5D1000F4A2D /* Resources */ = {
			isa = PBXResourcesBuildPhase;
			buildActionMask = 2147483647;
			files = (
			);
			runOnlyForDeploymentPostprocessing = 0;
		};
		ED3F6273304CD5D1000F4A2D /* Resources */ = {
			isa = PBXResourcesBuildPhase;
			buildActionMask = 2147483647;
			files = (
			);
			runOnlyForDeploymentPostprocessing = 0;
		};
/* End PBXResourcesBuildPhase section */

/* Begin PBXSourcesBuildPhase section */
		ED3C9547304CE45600E8464E /* Sources */ = {
			isa = PBXSourcesBuildPhase;
			buildActionMask = 2147483647;
			files = (
				ED3C9550304CE45600E8464E /* ContentView.swift in Sources */,
				ED3C954E304CE45600E8464E /* _r0_pkm_wApp.swift in Sources */,
				31894698A89B2FE53D6C5BC6 /* WatchConnector.swift in Sources */,
				B76D4F869846ED0E1E572011 /* WatchSessionModel.swift in Sources */,
				B270E455CC29400EAC899F8C /* WatchWorkoutSession.swift in Sources */,
				F24041909FCA48054D07867F /* WatchRootView.swift in Sources */,
			);
			runOnlyForDeploymentPostprocessing = 0;
		};
		ED3C9556304CE45800E8464E /* Sources */ = {
			isa = PBXSourcesBuildPhase;
			buildActionMask = 2147483647;
			files = (
				ED3C955F304CE45800E8464E /* _r0_pkm_w_Watch_AppTests.swift in Sources */,
			);
			runOnlyForDeploymentPostprocessing = 0;
		};
		ED3C9560304CE45800E8464E /* Sources */ = {
			isa = PBXSourcesBuildPhase;
			buildActionMask = 2147483647;
			files = (
				ED3C9569304CE45800E8464E /* _r0_pkm_w_Watch_AppUITests.swift in Sources */,
				ED3C956B304CE45800E8464E /* _r0_pkm_w_Watch_AppUITestsLaunchTests.swift in Sources */,
			);
			runOnlyForDeploymentPostprocessing = 0;
		};
		ED3F6256304CD5CE000F4A2D /* Sources */ = {
			isa = PBXSourcesBuildPhase;
			buildActionMask = 2147483647;
			files = (
				640E40F0EE26D99A472B94C1 /* NutritionGoalView.swift in Sources */,
				7147FC77662D4822BF51EF1A /* TrackersView.swift in Sources */,
				58B86DC9FF0D4D22BD04AF8C /* ShoppingListView.swift in Sources */,
				70B4A25C6A704FE19C6470C3 /* Trackers.swift in Sources */,
				F8658B7DC3B34CFA89CFC1C1 /* ShoppingListItem.swift in Sources */,
				82091FD5FC934AD0B3A6A91A /* MealPlanView.swift in Sources */,
				D9460E1AFD4747CE8C212179 /* DietTemplateEditorView.swift in Sources */,
				B45A7DCE5D974C478D17072A /* RecipeListView.swift in Sources */,
				B5FED695F6FC49D2860194A0 /* FoodBasketEditor.swift in Sources */,
				8258DD1E5B8F4CC49EF4B9FD /* PlannedMeal.swift in Sources */,
				BB4C916FE92A48A2ACCD9189 /* DietTemplate.swift in Sources */,
				0E33E098577A43BCBE657600 /* Recipe.swift in Sources */,
				59CD4B6D8FC847F2886CAFFE /* DietReportView.swift in Sources */,
				9BEAE7626BC7495A9A35B088 /* DietReport.swift in Sources */,
				66F69909C8E97D894A348BF2 /* NutritionGoal.swift in Sources */,
				5EDB87C294F3AC058F11B139 /* BarcodeScannerView.swift in Sources */,
				28C2A591477CD9202AD8BC7A /* AddFoodView.swift in Sources */,
				FC89C3BE1C1E4342A8001AA8 /* LogFoodView.swift in Sources */,
				BE68E4A0F9C9C5E2D8BAA8CB /* DietTabView.swift in Sources */,
				0776EE129749BE69AB4762A6 /* DietSync.swift in Sources */,
				4EB1BF08C76EDAE3D186CEE7 /* MissingMealReminder.swift in Sources */,
				AF60C61EEA92DFC2726C0891 /* MealSlotAck.swift in Sources */,
				5FAA51807E11DF405E5B2123 /* RemindersEngine.swift in Sources */,
				C16F1AF0BD0CCA32C638EA57 /* NotificationGateway.swift in Sources */,
				D219ECDEDC5DC74D52F228B9 /* ReminderRule.swift in Sources */,
				E03AB2694E21E58880DD612E /* ReminderSettings.swift in Sources */,
				E45A2ACE92721141B434821C /* ReminderCategory.swift in Sources */,
				4200C8819C5C4B6808B3CF9A /* MealEntry.swift in Sources */,
				560E925DB7AFCE127E0DEEA0 /* Food.swift in Sources */,
				ED3F6260304CD5CF000F4A2D /* ContentView.swift in Sources */,
				ED3F625E304CD5CF000F4A2D /* _r0_pkmApp.swift in Sources */,
				F1FF410589193B1B81398A4C /* PhoneConnector.swift in Sources */,
				2375415E863C85E094782F1E /* ApiClient.swift in Sources */,
				15024E34BBAF7529CDA926A1 /* Secrets.swift in Sources */,
				557E443B99C3337A7D982344 /* OutboxEntry.swift in Sources */,
				D0D343E292B539DDEE52089E /* GymSync.swift in Sources */,
				C36FBFDBFD592A6C2F32B738 /* DietSettingsView.swift in Sources */,
				64D6CF1C227707444975D01C /* WaterReminder.swift in Sources */,
				70B626C207CEB1FC394EA2D0 /* GymHistoryView.swift in Sources */,
				70A34F9D46FF3D294D810F19 /* GymStats.swift in Sources */,
				FD0A81CCC58E894A4EBE65EB /* DocumentPicker.swift in Sources */,
				FE36D60A05825F2195764FCE /* ImportWorkoutsView.swift in Sources */,
				9DD5C24C37521AF1A8566F22 /* WorkoutImport.swift in Sources */,
				0AAEB75EC22E22D03A9AF789 /* LiftinCSV.swift in Sources */,
				F72F40659B74D4F1188F6690 /* GlassTheme.swift in Sources */,
				D9594F6E835A7CA16D9517F6 /* WorkoutSession.swift in Sources */,
				EAA34873A0DAD527D7CC5120 /* SetLogEntry.swift in Sources */,
				1120432A8B1833C6A4890A38 /* GymMath.swift in Sources */,
				5D9446AEB37E9FD6C24722C0 /* BodyMeasurement.swift in Sources */,
				93A147E2BB606120AEA9A3DE /* AddMeasurementView.swift in Sources */,
				5BF34CE5858978E07B47D404 /* GymData.swift in Sources */,
				032992018C03682844681BF2 /* GymSync.swift in Sources */,
				638441CFAC494580478D0FB4 /* HealthKitService.swift in Sources */,
				8A719361CAE74603871D85BD /* HealthKitPreference.swift in Sources */,
				D86C93080D444547A8A352BE /* HealthKitStatus.swift in Sources */,
				90D8F0900DE547C8A2BC1376 /* FoodSearchPreference.swift in Sources */,
				64533558C6934B2ABC8AE738 /* DBTargetPreference.swift in Sources */,
				1EB7419B9E262618D12A1F1B /* HealthKitOnboardingView.swift in Sources */,
				C5B647558DFAE1B917B29152 /* SyncPolicy.swift in Sources */,
				0488416F8BC7541700D054C2 /* SyncEngine.swift in Sources */,
			);
			runOnlyForDeploymentPostprocessing = 0;
		};
		ED3F6267304CD5D1000F4A2D /* Sources */ = {
			isa = PBXSourcesBuildPhase;
			buildActionMask = 2147483647;
			files = (
				ED3F6270304CD5D1000F4A2D /* _r0_pkmTests.swift in Sources */,
				BDD148989ABE69AC75B05921 /* GymMathTests.swift in Sources */,
				D964487DA44DB7987EE982F8 /* SyncPolicyTests.swift in Sources */,
				7871C749ACD55F88A480A317 /* WaterReminderTests.swift in Sources */,
				A70195BCFA8339B7777521E6 /* NutritionMathTests.swift in Sources */,
				57C57903C9DFD1010AFC68A9 /* GymStatsTests.swift in Sources */,
				50E85F67D93E3D862D7685DC /* WorkoutImportTests.swift in Sources */,
				B8D353A76593B93C86716E40 /* LiftinCSVTests.swift in Sources */,
				A19EF7577BA0F15F719422CB /* MissingMealReminderTests.swift in Sources */,
			);
			runOnlyForDeploymentPostprocessing = 0;
		};
		ED3F6271304CD5D1000F4A2D /* Sources */ = {
			isa = PBXSourcesBuildPhase;
			buildActionMask = 2147483647;
			files = (
				ED3F627A304CD5D1000F4A2D /* _r0_pkmUITests.swift in Sources */,
				ED3F627C304CD5D1000F4A2D /* _r0_pkmUITestsLaunchTests.swift in Sources */,
			);
			runOnlyForDeploymentPostprocessing = 0;
		};
/* End PBXSourcesBuildPhase section */

/* Begin PBXTargetDependency section */
		ED3C955C304CE45800E8464E /* PBXTargetDependency */ = {
			isa = PBXTargetDependency;
			target = ED3C954A304CE45600E8464E /* 1r0-pkm-w Watch App */;
			targetProxy = ED3C955B304CE45800E8464E /* PBXContainerItemProxy */;
		};
		ED3C9566304CE45800E8464E /* PBXTargetDependency */ = {
			isa = PBXTargetDependency;
			target = ED3C954A304CE45600E8464E /* 1r0-pkm-w Watch App */;
			targetProxy = ED3C9565304CE45800E8464E /* PBXContainerItemProxy */;
		};
		ED3C956D304CE45800E8464E /* PBXTargetDependency */ = {
			isa = PBXTargetDependency;
			target = ED3C954A304CE45600E8464E /* 1r0-pkm-w Watch App */;
			targetProxy = ED3C956C304CE45800E8464E /* PBXContainerItemProxy */;
		};
		ED3F626D304CD5D1000F4A2D /* PBXTargetDependency */ = {
			isa = PBXTargetDependency;
			target = ED3F6259304CD5CE000F4A2D /* 1r0-pkm */;
			targetProxy = ED3F626C304CD5D1000F4A2D /* PBXContainerItemProxy */;
		};
		ED3F6277304CD5D1000F4A2D /* PBXTargetDependency */ = {
			isa = PBXTargetDependency;
			target = ED3F6259304CD5CE000F4A2D /* 1r0-pkm */;
			targetProxy = ED3F6276304CD5D1000F4A2D /* PBXContainerItemProxy */;
		};
/* End PBXTargetDependency section */

/* Begin XCBuildConfiguration section */
		ED3C9570304CE45800E8464E /* Debug */ = {
			isa = XCBuildConfiguration;
			buildSettings = {
				ASSETCATALOG_COMPILER_APPICON_NAME = AppIcon;
				ASSETCATALOG_COMPILER_GLOBAL_ACCENT_COLOR_NAME = AccentColor;
				CODE_SIGN_ENTITLEMENTS = "1r0-pkm-w Watch App/_r0_pkm_w.entitlements";
				CODE_SIGN_STYLE = Automatic;
				CURRENT_PROJECT_VERSION = 8;
				DEVELOPMENT_ASSET_PATHS = "\"1r0-pkm-w Watch App/Preview Content\"";
				ENABLE_PREVIEWS = YES;
				GENERATE_INFOPLIST_FILE = YES;
				INFOPLIST_KEY_CFBundleDisplayName = "1r0-pkm-w";
				INFOPLIST_KEY_NSHealthShareUsageDescription = "1r0-pkm legge frequenza cardiaca e calorie durante l'allenamento per mostrartele al polso.";
				INFOPLIST_KEY_NSHealthUpdateUsageDescription = "1r0-pkm salva l'allenamento del Watch in Salute con frequenza cardiaca e calorie.";
				INFOPLIST_KEY_UISupportedInterfaceOrientations = "UIInterfaceOrientationPortrait UIInterfaceOrientationPortraitUpsideDown";
				INFOPLIST_KEY_WKBackgroundModes = "workout-processing";
				INFOPLIST_KEY_WKCompanionAppBundleIdentifier = dev.1r0.pkm;
				LD_RUNPATH_SEARCH_PATHS = (
					"$(inherited)",
					"@executable_path/Frameworks",
				);
				MARKETING_VERSION = 1.0;
				PRODUCT_BUNDLE_IDENTIFIER = dev.1r0.pkm.watchkitapp;
				PRODUCT_NAME = "$(TARGET_NAME)";
				SDKROOT = watchos;
				SKIP_INSTALL = YES;
				SWIFT_EMIT_LOC_STRINGS = YES;
				SWIFT_VERSION = 5.0;
				TARGETED_DEVICE_FAMILY = 4;
				WATCHOS_DEPLOYMENT_TARGET = 10.5;
			};
			name = Debug;
		};
		ED3C9571304CE45800E8464E /* Release */ = {
			isa = XCBuildConfiguration;
			buildSettings = {
				ASSETCATALOG_COMPILER_APPICON_NAME = AppIcon;
				ASSETCATALOG_COMPILER_GLOBAL_ACCENT_COLOR_NAME = AccentColor;
				CODE_SIGN_ENTITLEMENTS = "1r0-pkm-w Watch App/_r0_pkm_w.entitlements";
				CODE_SIGN_STYLE = Automatic;
				CURRENT_PROJECT_VERSION = 8;
				DEVELOPMENT_ASSET_PATHS = "\"1r0-pkm-w Watch App/Preview Content\"";
				ENABLE_PREVIEWS = YES;
				GENERATE_INFOPLIST_FILE = YES;
				INFOPLIST_KEY_CFBundleDisplayName = "1r0-pkm-w";
				INFOPLIST_KEY_NSHealthShareUsageDescription = "1r0-pkm legge frequenza cardiaca e calorie durante l'allenamento per mostrartele al polso.";
				INFOPLIST_KEY_NSHealthUpdateUsageDescription = "1r0-pkm salva l'allenamento del Watch in Salute con frequenza cardiaca e calorie.";
				INFOPLIST_KEY_UISupportedInterfaceOrientations = "UIInterfaceOrientationPortrait UIInterfaceOrientationPortraitUpsideDown";
				INFOPLIST_KEY_WKBackgroundModes = "workout-processing";
				INFOPLIST_KEY_WKCompanionAppBundleIdentifier = dev.1r0.pkm;
				LD_RUNPATH_SEARCH_PATHS = (
					"$(inherited)",
					"@executable_path/Frameworks",
				);
				MARKETING_VERSION = 1.0;
				PRODUCT_BUNDLE_IDENTIFIER = dev.1r0.pkm.watchkitapp;
				PRODUCT_NAME = "$(TARGET_NAME)";
				SDKROOT = watchos;
				SKIP_INSTALL = YES;
				SWIFT_EMIT_LOC_STRINGS = YES;
				SWIFT_VERSION = 5.0;
				TARGETED_DEVICE_FAMILY = 4;
				VALIDATE_PRODUCT = YES;
				WATCHOS_DEPLOYMENT_TARGET = 10.5;
			};
			name = Release;
		};
		ED3C9574304CE45800E8464E /* Debug */ = {
			isa = XCBuildConfiguration;
			buildSettings = {
				ALWAYS_EMBED_SWIFT_STANDARD_LIBRARIES = YES;
				BUNDLE_LOADER = "$(TEST_HOST)";
				CODE_SIGN_STYLE = Automatic;
				CURRENT_PROJECT_VERSION = 8;
				GENERATE_INFOPLIST_FILE = YES;
				MARKETING_VERSION = 1.0;
				PRODUCT_BUNDLE_IDENTIFIER = dev.1r0.pkm.watchkitapp.tests;
				PRODUCT_NAME = "$(TARGET_NAME)";
				SDKROOT = watchos;
				SWIFT_EMIT_LOC_STRINGS = NO;
				SWIFT_VERSION = 5.0;
				TARGETED_DEVICE_FAMILY = 4;
				TEST_HOST = "$(BUILT_PRODUCTS_DIR)/1r0-pkm-w Watch App.app/$(BUNDLE_EXECUTABLE_FOLDER_PATH)/1r0-pkm-w Watch App";
				WATCHOS_DEPLOYMENT_TARGET = 10.5;
			};
			name = Debug;
		};
		ED3C9575304CE45800E8464E /* Release */ = {
			isa = XCBuildConfiguration;
			buildSettings = {
				ALWAYS_EMBED_SWIFT_STANDARD_LIBRARIES = YES;
				BUNDLE_LOADER = "$(TEST_HOST)";
				CODE_SIGN_STYLE = Automatic;
				CURRENT_PROJECT_VERSION = 8;
				GENERATE_INFOPLIST_FILE = YES;
				MARKETING_VERSION = 1.0;
				PRODUCT_BUNDLE_IDENTIFIER = dev.1r0.pkm.watchkitapp.tests;
				PRODUCT_NAME = "$(TARGET_NAME)";
				SDKROOT = watchos;
				SWIFT_EMIT_LOC_STRINGS = NO;
				SWIFT_VERSION = 5.0;
				TARGETED_DEVICE_FAMILY = 4;
				TEST_HOST = "$(BUILT_PRODUCTS_DIR)/1r0-pkm-w Watch App.app/$(BUNDLE_EXECUTABLE_FOLDER_PATH)/1r0-pkm-w Watch App";
				VALIDATE_PRODUCT = YES;
				WATCHOS_DEPLOYMENT_TARGET = 10.5;
			};
			name = Release;
		};
		ED3C9577304CE45800E8464E /* Debug */ = {
			isa = XCBuildConfiguration;
			buildSettings = {
				ALWAYS_EMBED_SWIFT_STANDARD_LIBRARIES = YES;
				CODE_SIGN_STYLE = Automatic;
				CURRENT_PROJECT_VERSION = 8;
				GENERATE_INFOPLIST_FILE = YES;
				MARKETING_VERSION = 1.0;
				PRODUCT_BUNDLE_IDENTIFIER = dev.1r0.pkm.watchkitapp.uitests;
				PRODUCT_NAME = "$(TARGET_NAME)";
				SDKROOT = watchos;
				SWIFT_EMIT_LOC_STRINGS = NO;
				SWIFT_VERSION = 5.0;
				TARGETED_DEVICE_FAMILY = 4;
				TEST_TARGET_NAME = "1r0-pkm-w Watch App";
				WATCHOS_DEPLOYMENT_TARGET = 10.5;
			};
			name = Debug;
		};
		ED3C9578304CE45800E8464E /* Release */ = {
			isa = XCBuildConfiguration;
			buildSettings = {
				ALWAYS_EMBED_SWIFT_STANDARD_LIBRARIES = YES;
				CODE_SIGN_STYLE = Automatic;
				CURRENT_PROJECT_VERSION = 8;
				GENERATE_INFOPLIST_FILE = YES;
				MARKETING_VERSION = 1.0;
				PRODUCT_BUNDLE_IDENTIFIER = dev.1r0.pkm.watchkitapp.uitests;
				PRODUCT_NAME = "$(TARGET_NAME)";
				SDKROOT = watchos;
				SWIFT_EMIT_LOC_STRINGS = NO;
				SWIFT_VERSION = 5.0;
				TARGETED_DEVICE_FAMILY = 4;
				TEST_TARGET_NAME = "1r0-pkm-w Watch App";
				VALIDATE_PRODUCT = YES;
				WATCHOS_DEPLOYMENT_TARGET = 10.5;
			};
			name = Release;
		};
		ED3F627D304CD5D1000F4A2D /* Debug */ = {
			isa = XCBuildConfiguration;
			buildSettings = {
				ALWAYS_SEARCH_USER_PATHS = NO;
				ASSETCATALOG_COMPILER_GENERATE_SWIFT_ASSET_SYMBOL_EXTENSIONS = YES;
				CLANG_ANALYZER_NONNULL = YES;
				CLANG_ANALYZER_NUMBER_OBJECT_CONVERSION = YES_AGGRESSIVE;
				CLANG_CXX_LANGUAGE_STANDARD = "gnu++20";
				CLANG_ENABLE_MODULES = YES;
				CLANG_ENABLE_OBJC_ARC = YES;
				CLANG_ENABLE_OBJC_WEAK = YES;
				CLANG_WARN_BLOCK_CAPTURE_AUTORELEASING = YES;
				CLANG_WARN_BOOL_CONVERSION = YES;
				CLANG_WARN_COMMA = YES;
				CLANG_WARN_CONSTANT_CONVERSION = YES;
				CLANG_WARN_DEPRECATED_OBJC_IMPLEMENTATIONS = YES;
				CLANG_WARN_DIRECT_OBJC_ISA_USAGE = YES_ERROR;
				CLANG_WARN_DOCUMENTATION_COMMENTS = YES;
				CLANG_WARN_EMPTY_BODY = YES;
				CLANG_WARN_ENUM_CONVERSION = YES;
				CLANG_WARN_INFINITE_RECURSION = YES;
				CLANG_WARN_INT_CONVERSION = YES;
				CLANG_WARN_NON_LITERAL_NULL_CONVERSION = YES;
				CLANG_WARN_OBJC_IMPLICIT_RETAIN_SELF = YES;
				CLANG_WARN_OBJC_LITERAL_CONVERSION = YES;
				CLANG_WARN_OBJC_ROOT_CLASS = YES_ERROR;
				CLANG_WARN_QUOTED_INCLUDE_IN_FRAMEWORK_HEADER = YES;
				CLANG_WARN_RANGE_LOOP_ANALYSIS = YES;
				CLANG_WARN_STRICT_PROTOTYPES = YES;
				CLANG_WARN_SUSPICIOUS_MOVE = YES;
				CLANG_WARN_UNGUARDED_AVAILABILITY = YES_AGGRESSIVE;
				CLANG_WARN_UNREACHABLE_CODE = YES;
				CLANG_WARN__DUPLICATE_METHOD_MATCH = YES;
				COPY_PHASE_STRIP = NO;
				DEBUG_INFORMATION_FORMAT = dwarf;
				ENABLE_STRICT_OBJC_MSGSEND = YES;
				ENABLE_TESTABILITY = YES;
				ENABLE_USER_SCRIPT_SANDBOXING = YES;
				GCC_C_LANGUAGE_STANDARD = gnu17;
				GCC_DYNAMIC_NO_PIC = NO;
				GCC_NO_COMMON_BLOCKS = YES;
				GCC_OPTIMIZATION_LEVEL = 0;
				GCC_PREPROCESSOR_DEFINITIONS = (
					"DEBUG=1",
					"$(inherited)",
				);
				GCC_WARN_64_TO_32_BIT_CONVERSION = YES;
				GCC_WARN_ABOUT_RETURN_TYPE = YES_ERROR;
				GCC_WARN_UNDECLARED_SELECTOR = YES;
				GCC_WARN_UNINITIALIZED_AUTOS = YES_AGGRESSIVE;
				GCC_WARN_UNUSED_FUNCTION = YES;
				GCC_WARN_UNUSED_VARIABLE = YES;
				LOCALIZATION_PREFERS_STRING_CATALOGS = YES;
				MTL_ENABLE_DEBUG_INFO = INCLUDE_SOURCE;
				MTL_FAST_MATH = YES;
				ONLY_ACTIVE_ARCH = YES;
				SWIFT_ACTIVE_COMPILATION_CONDITIONS = "DEBUG $(inherited)";
				SWIFT_OPTIMIZATION_LEVEL = "-Onone";
			};
			name = Debug;
		};
		ED3F627E304CD5D1000F4A2D /* Release */ = {
			isa = XCBuildConfiguration;
			buildSettings = {
				ALWAYS_SEARCH_USER_PATHS = NO;
				ASSETCATALOG_COMPILER_GENERATE_SWIFT_ASSET_SYMBOL_EXTENSIONS = YES;
				CLANG_ANALYZER_NONNULL = YES;
				CLANG_ANALYZER_NUMBER_OBJECT_CONVERSION = YES_AGGRESSIVE;
				CLANG_CXX_LANGUAGE_STANDARD = "gnu++20";
				CLANG_ENABLE_MODULES = YES;
				CLANG_ENABLE_OBJC_ARC = YES;
				CLANG_ENABLE_OBJC_WEAK = YES;
				CLANG_WARN_BLOCK_CAPTURE_AUTORELEASING = YES;
				CLANG_WARN_BOOL_CONVERSION = YES;
				CLANG_WARN_COMMA = YES;
				CLANG_WARN_CONSTANT_CONVERSION = YES;
				CLANG_WARN_DEPRECATED_OBJC_IMPLEMENTATIONS = YES;
				CLANG_WARN_DIRECT_OBJC_ISA_USAGE = YES_ERROR;
				CLANG_WARN_DOCUMENTATION_COMMENTS = YES;
				CLANG_WARN_EMPTY_BODY = YES;
				CLANG_WARN_ENUM_CONVERSION = YES;
				CLANG_WARN_INFINITE_RECURSION = YES;
				CLANG_WARN_INT_CONVERSION = YES;
				CLANG_WARN_NON_LITERAL_NULL_CONVERSION = YES;
				CLANG_WARN_OBJC_IMPLICIT_RETAIN_SELF = YES;
				CLANG_WARN_OBJC_LITERAL_CONVERSION = YES;
				CLANG_WARN_OBJC_ROOT_CLASS = YES_ERROR;
				CLANG_WARN_QUOTED_INCLUDE_IN_FRAMEWORK_HEADER = YES;
				CLANG_WARN_RANGE_LOOP_ANALYSIS = YES;
				CLANG_WARN_STRICT_PROTOTYPES = YES;
				CLANG_WARN_SUSPICIOUS_MOVE = YES;
				CLANG_WARN_UNGUARDED_AVAILABILITY = YES_AGGRESSIVE;
				CLANG_WARN_UNREACHABLE_CODE = YES;
				CLANG_WARN__DUPLICATE_METHOD_MATCH = YES;
				COPY_PHASE_STRIP = NO;
				DEBUG_INFORMATION_FORMAT = "dwarf-with-dsym";
				ENABLE_NS_ASSERTIONS = NO;
				ENABLE_STRICT_OBJC_MSGSEND = YES;
				ENABLE_USER_SCRIPT_SANDBOXING = YES;
				GCC_C_LANGUAGE_STANDARD = gnu17;
				GCC_NO_COMMON_BLOCKS = YES;
				GCC_WARN_64_TO_32_BIT_CONVERSION = YES;
				GCC_WARN_ABOUT_RETURN_TYPE = YES_ERROR;
				GCC_WARN_UNDECLARED_SELECTOR = YES;
				GCC_WARN_UNINITIALIZED_AUTOS = YES_AGGRESSIVE;
				GCC_WARN_UNUSED_FUNCTION = YES;
				GCC_WARN_UNUSED_VARIABLE = YES;
				LOCALIZATION_PREFERS_STRING_CATALOGS = YES;
				MTL_ENABLE_DEBUG_INFO = NO;
				MTL_FAST_MATH = YES;
				SWIFT_COMPILATION_MODE = wholemodule;
			};
			name = Release;
		};
		ED3F6280304CD5D1000F4A2D /* Debug */ = {
			isa = XCBuildConfiguration;
			buildSettings = {
				ALWAYS_EMBED_SWIFT_STANDARD_LIBRARIES = YES;
				ASSETCATALOG_COMPILER_APPICON_NAME = AppIcon;
				ASSETCATALOG_COMPILER_GLOBAL_ACCENT_COLOR_NAME = AccentColor;
				CODE_SIGN_ENTITLEMENTS = "1r0-pkm/_r0_pkm.entitlements";
				CODE_SIGN_STYLE = Automatic;
				CURRENT_PROJECT_VERSION = 8;
				DEVELOPMENT_ASSET_PATHS = "\"1r0-pkm/Preview Content\"";
				ENABLE_PREVIEWS = YES;
				GENERATE_INFOPLIST_FILE = YES;
				INFOPLIST_FILE = "1r0-pkm/Info.plist";
				"INFOPLIST_KEY_UIApplicationSceneManifest_Generation[sdk=iphoneos*]" = YES;
				"INFOPLIST_KEY_UIApplicationSceneManifest_Generation[sdk=iphonesimulator*]" = YES;
				"INFOPLIST_KEY_UIApplicationSupportsIndirectInputEvents[sdk=iphoneos*]" = YES;
				"INFOPLIST_KEY_UIApplicationSupportsIndirectInputEvents[sdk=iphonesimulator*]" = YES;
				"INFOPLIST_KEY_UILaunchScreen_Generation[sdk=iphoneos*]" = YES;
				"INFOPLIST_KEY_UILaunchScreen_Generation[sdk=iphonesimulator*]" = YES;
				"INFOPLIST_KEY_UIStatusBarStyle[sdk=iphoneos*]" = UIStatusBarStyleDefault;
				"INFOPLIST_KEY_UIStatusBarStyle[sdk=iphonesimulator*]" = UIStatusBarStyleDefault;
				INFOPLIST_KEY_UISupportedInterfaceOrientations_iPad = "UIInterfaceOrientationPortrait UIInterfaceOrientationPortraitUpsideDown UIInterfaceOrientationLandscapeLeft UIInterfaceOrientationLandscapeRight";
				INFOPLIST_KEY_UISupportedInterfaceOrientations_iPhone = "UIInterfaceOrientationPortrait UIInterfaceOrientationLandscapeLeft UIInterfaceOrientationLandscapeRight";
				IPHONEOS_DEPLOYMENT_TARGET = 17.5;
				LD_RUNPATH_SEARCH_PATHS = "@executable_path/Frameworks";
				"LD_RUNPATH_SEARCH_PATHS[sdk=macosx*]" = "@executable_path/../Frameworks";
				MACOSX_DEPLOYMENT_TARGET = 14.5;
				MARKETING_VERSION = 1.0;
				PRODUCT_BUNDLE_IDENTIFIER = dev.1r0.pkm2;
				PRODUCT_NAME = "$(TARGET_NAME)";
				SDKROOT = auto;
				SUPPORTED_PLATFORMS = "iphoneos iphonesimulator";
				SUPPORTS_MACCATALYST = NO;
				SWIFT_EMIT_LOC_STRINGS = YES;
				SWIFT_VERSION = 5.0;
				TARGETED_DEVICE_FAMILY = 1;
			};
			name = Debug;
		};
		ED3F6281304CD5D1000F4A2D /* Release */ = {
			isa = XCBuildConfiguration;
			buildSettings = {
				ALWAYS_EMBED_SWIFT_STANDARD_LIBRARIES = YES;
				ASSETCATALOG_COMPILER_APPICON_NAME = AppIcon;
				ASSETCATALOG_COMPILER_GLOBAL_ACCENT_COLOR_NAME = AccentColor;
				CODE_SIGN_ENTITLEMENTS = "1r0-pkm/_r0_pkm.entitlements";
				CODE_SIGN_STYLE = Automatic;
				CURRENT_PROJECT_VERSION = 8;
				DEVELOPMENT_ASSET_PATHS = "\"1r0-pkm/Preview Content\"";
				ENABLE_PREVIEWS = YES;
				GENERATE_INFOPLIST_FILE = YES;
				INFOPLIST_FILE = "1r0-pkm/Info.plist";
				"INFOPLIST_KEY_UIApplicationSceneManifest_Generation[sdk=iphoneos*]" = YES;
				"INFOPLIST_KEY_UIApplicationSceneManifest_Generation[sdk=iphonesimulator*]" = YES;
				"INFOPLIST_KEY_UIApplicationSupportsIndirectInputEvents[sdk=iphoneos*]" = YES;
				"INFOPLIST_KEY_UIApplicationSupportsIndirectInputEvents[sdk=iphonesimulator*]" = YES;
				"INFOPLIST_KEY_UILaunchScreen_Generation[sdk=iphoneos*]" = YES;
				"INFOPLIST_KEY_UILaunchScreen_Generation[sdk=iphonesimulator*]" = YES;
				"INFOPLIST_KEY_UIStatusBarStyle[sdk=iphoneos*]" = UIStatusBarStyleDefault;
				"INFOPLIST_KEY_UIStatusBarStyle[sdk=iphonesimulator*]" = UIStatusBarStyleDefault;
				INFOPLIST_KEY_UISupportedInterfaceOrientations_iPad = "UIInterfaceOrientationPortrait UIInterfaceOrientationPortraitUpsideDown UIInterfaceOrientationLandscapeLeft UIInterfaceOrientationLandscapeRight";
				INFOPLIST_KEY_UISupportedInterfaceOrientations_iPhone = "UIInterfaceOrientationPortrait UIInterfaceOrientationLandscapeLeft UIInterfaceOrientationLandscapeRight";
				IPHONEOS_DEPLOYMENT_TARGET = 17.5;
				LD_RUNPATH_SEARCH_PATHS = "@executable_path/Frameworks";
				"LD_RUNPATH_SEARCH_PATHS[sdk=macosx*]" = "@executable_path/../Frameworks";
				MACOSX_DEPLOYMENT_TARGET = 14.5;
				MARKETING_VERSION = 1.0;
				PRODUCT_BUNDLE_IDENTIFIER = dev.1r0.pkm2;
				PRODUCT_NAME = "$(TARGET_NAME)";
				SDKROOT = auto;
				SUPPORTED_PLATFORMS = "iphoneos iphonesimulator";
				SUPPORTS_MACCATALYST = NO;
				SWIFT_EMIT_LOC_STRINGS = YES;
				SWIFT_VERSION = 5.0;
				TARGETED_DEVICE_FAMILY = 1;
			};
			name = Release;
		};
		ED3F6283304CD5D1000F4A2D /* Debug */ = {
			isa = XCBuildConfiguration;
			buildSettings = {
				ALWAYS_EMBED_SWIFT_STANDARD_LIBRARIES = YES;
				BUNDLE_LOADER = "$(TEST_HOST)";
				CODE_SIGN_STYLE = Automatic;
				CURRENT_PROJECT_VERSION = 8;
				GENERATE_INFOPLIST_FILE = YES;
				IPHONEOS_DEPLOYMENT_TARGET = 17.5;
				MACOSX_DEPLOYMENT_TARGET = 14.5;
				MARKETING_VERSION = 1.0;
				PRODUCT_BUNDLE_IDENTIFIER = dev.1r0.pkm2.tests;
				PRODUCT_NAME = "$(TARGET_NAME)";
				SDKROOT = auto;
				SUPPORTED_PLATFORMS = "iphoneos iphonesimulator macosx";
				SWIFT_EMIT_LOC_STRINGS = NO;
				SWIFT_VERSION = 5.0;
				TARGETED_DEVICE_FAMILY = "1,2";
				TEST_HOST = "$(BUILT_PRODUCTS_DIR)/1r0-pkm.app/$(BUNDLE_EXECUTABLE_FOLDER_PATH)/1r0-pkm";
			};
			name = Debug;
		};
		ED3F6284304CD5D1000F4A2D /* Release */ = {
			isa = XCBuildConfiguration;
			buildSettings = {
				ALWAYS_EMBED_SWIFT_STANDARD_LIBRARIES = YES;
				BUNDLE_LOADER = "$(TEST_HOST)";
				CODE_SIGN_STYLE = Automatic;
				CURRENT_PROJECT_VERSION = 8;
				GENERATE_INFOPLIST_FILE = YES;
				IPHONEOS_DEPLOYMENT_TARGET = 17.5;
				MACOSX_DEPLOYMENT_TARGET = 14.5;
				MARKETING_VERSION = 1.0;
				PRODUCT_BUNDLE_IDENTIFIER = dev.1r0.pkm2.tests;
				PRODUCT_NAME = "$(TARGET_NAME)";
				SDKROOT = auto;
				SUPPORTED_PLATFORMS = "iphoneos iphonesimulator macosx";
				SWIFT_EMIT_LOC_STRINGS = NO;
				SWIFT_VERSION = 5.0;
				TARGETED_DEVICE_FAMILY = "1,2";
				TEST_HOST = "$(BUILT_PRODUCTS_DIR)/1r0-pkm.app/$(BUNDLE_EXECUTABLE_FOLDER_PATH)/1r0-pkm";
			};
			name = Release;
		};
		ED3F6286304CD5D1000F4A2D /* Debug */ = {
			isa = XCBuildConfiguration;
			buildSettings = {
				ALWAYS_EMBED_SWIFT_STANDARD_LIBRARIES = YES;
				CODE_SIGN_STYLE = Automatic;
				CURRENT_PROJECT_VERSION = 8;
				GENERATE_INFOPLIST_FILE = YES;
				IPHONEOS_DEPLOYMENT_TARGET = 17.5;
				MACOSX_DEPLOYMENT_TARGET = 14.5;
				MARKETING_VERSION = 1.0;
				PRODUCT_BUNDLE_IDENTIFIER = dev.1r0.pkm2.uitests;
				PRODUCT_NAME = "$(TARGET_NAME)";
				SDKROOT = auto;
				SUPPORTED_PLATFORMS = "iphoneos iphonesimulator macosx";
				SWIFT_EMIT_LOC_STRINGS = NO;
				SWIFT_VERSION = 5.0;
				TARGETED_DEVICE_FAMILY = "1,2";
				TEST_TARGET_NAME = "1r0-pkm";
			};
			name = Debug;
		};
		ED3F6287304CD5D1000F4A2D /* Release */ = {
			isa = XCBuildConfiguration;
			buildSettings = {
				ALWAYS_EMBED_SWIFT_STANDARD_LIBRARIES = YES;
				CODE_SIGN_STYLE = Automatic;
				CURRENT_PROJECT_VERSION = 8;
				GENERATE_INFOPLIST_FILE = YES;
				IPHONEOS_DEPLOYMENT_TARGET = 17.5;
				MACOSX_DEPLOYMENT_TARGET = 14.5;
				MARKETING_VERSION = 1.0;
				PRODUCT_BUNDLE_IDENTIFIER = dev.1r0.pkm2.uitests;
				PRODUCT_NAME = "$(TARGET_NAME)";
				SDKROOT = auto;
				SUPPORTED_PLATFORMS = "iphoneos iphonesimulator macosx";
				SWIFT_EMIT_LOC_STRINGS = NO;
				SWIFT_VERSION = 5.0;
				TARGETED_DEVICE_FAMILY = "1,2";
				TEST_TARGET_NAME = "1r0-pkm";
			};
			name = Release;
		};
/* End XCBuildConfiguration section */

/* Begin XCConfigurationList section */
		ED3C956F304CE45800E8464E /* Build configuration list for PBXNativeTarget "1r0-pkm-w Watch App" */ = {
			isa = XCConfigurationList;
			buildConfigurations = (
				ED3C9570304CE45800E8464E /* Debug */,
				ED3C9571304CE45800E8464E /* Release */,
			);
			defaultConfigurationIsVisible = 0;
			defaultConfigurationName = Release;
		};
		ED3C9573304CE45800E8464E /* Build configuration list for PBXNativeTarget "1r0-pkm-w Watch AppTests" */ = {
			isa = XCConfigurationList;
			buildConfigurations = (
				ED3C9574304CE45800E8464E /* Debug */,
				ED3C9575304CE45800E8464E /* Release */,
			);
			defaultConfigurationIsVisible = 0;
			defaultConfigurationName = Release;
		};
		ED3C9576304CE45800E8464E /* Build configuration list for PBXNativeTarget "1r0-pkm-w Watch AppUITests" */ = {
			isa = XCConfigurationList;
			buildConfigurations = (
				ED3C9577304CE45800E8464E /* Debug */,
				ED3C9578304CE45800E8464E /* Release */,
			);
			defaultConfigurationIsVisible = 0;
			defaultConfigurationName = Release;
		};
		ED3F6255304CD5CE000F4A2D /* Build configuration list for PBXProject "1r0-pkm" */ = {
			isa = XCConfigurationList;
			buildConfigurations = (
				ED3F627D304CD5D1000F4A2D /* Debug */,
				ED3F627E304CD5D1000F4A2D /* Release */,
			);
			defaultConfigurationIsVisible = 0;
			defaultConfigurationName = Release;
		};
		ED3F627F304CD5D1000F4A2D /* Build configuration list for PBXNativeTarget "1r0-pkm" */ = {
			isa = XCConfigurationList;
			buildConfigurations = (
				ED3F6280304CD5D1000F4A2D /* Debug */,
				ED3F6281304CD5D1000F4A2D /* Release */,
			);
			defaultConfigurationIsVisible = 0;
			defaultConfigurationName = Release;
		};
		ED3F6282304CD5D1000F4A2D /* Build configuration list for PBXNativeTarget "1r0-pkmTests" */ = {
			isa = XCConfigurationList;
			buildConfigurations = (
				ED3F6283304CD5D1000F4A2D /* Debug */,
				ED3F6284304CD5D1000F4A2D /* Release */,
			);
			defaultConfigurationIsVisible = 0;
			defaultConfigurationName = Release;
		};
		ED3F6285304CD5D1000F4A2D /* Build configuration list for PBXNativeTarget "1r0-pkmUITests" */ = {
			isa = XCConfigurationList;
			buildConfigurations = (
				ED3F6286304CD5D1000F4A2D /* Debug */,
				ED3F6287304CD5D1000F4A2D /* Release */,
			);
			defaultConfigurationIsVisible = 0;
			defaultConfigurationName = Release;
		};
/* End XCConfigurationList section */
	};
	rootObject = ED3F6252304CD5CE000F4A2D /* Project object */;
}
